// !$*UTF8*$!
{
	archiveVersion = 1;
	classes = {
	};
	objectVersion = 46;
	objects = {

/* Begin PBXBuildFile section */
		E73B0D501CAEB28C00DDB11D /* main.m in Sources */ = {isa = PBXBuildFile; fileRef = E73B0D4F1CAEB28C00DDB11D /* main.m */; };
		E73B0D531CAEB28C00DDB11D /* AppDelegate.m in Sources */ = {isa = PBXBuildFile; fileRef = E73B0D521CAEB28C00DDB11D /* AppDelegate.m */; };
		E73B0D561CAEB28C00DDB11D /* ViewController.m in Sources */ = {isa = PBXBuildFile; fileRef = E73B0D551CAEB28C00DDB11D /* ViewController.m */; };
		E73B0D591CAEB28C00DDB11D /* Main.storyboard in Resources */ = {isa = PBXBuildFile; fileRef = E73B0D571CAEB28C00DDB11D /* Main.storyboard */; };
		E73B0D5B1CAEB28C00DDB11D /* Assets.xcassets in Resources */ = {isa = PBXBuildFile; fileRef = E73B0D5A1CAEB28C00DDB11D /* Assets.xcassets */; };
		E73B0D5E1CAEB28C00DDB11D /* LaunchScreen.storyboard in Resources */ = {isa = PBXBuildFile; fileRef = E73B0D5C1CAEB28C00DDB11D /* LaunchScreen.storyboard */; };
		E73B0D691CAEB28C00DDB11D /* UIAlertViewTests.m in Sources */ = {isa = PBXBuildFile; fileRef = E73B0D681CAEB28C00DDB11D /* UIAlertViewTests.m */; };
		E73B0D741CAEB28C00DDB11D /* UIAlertViewUITests.m in Sources */ = {isa = PBXBuildFile; fileRef = E73B0D731CAEB28C00DDB11D /* UIAlertViewUITests.m */; };
/* End PBXBuildFile section */

/* Begin PBXContainerItemProxy section */
		E73B0D651CAEB28C00DDB11D /* PBXContainerItemProxy */ = {
			isa = PBXContainerItemProxy;
			containerPortal = E73B0D431CAEB28B00DDB11D /* Project object */;
			proxyType = 1;
			remoteGlobalIDString = E73B0D4A1CAEB28B00DDB11D;
			remoteInfo = UIAlertView;
		};
		E73B0D701CAEB28C00DDB11D /* PBXContainerItemProxy */ = {
			isa = PBXContainerItemProxy;
			containerPortal = E73B0D431CAEB28B00DDB11D /* Project object */;
			proxyType = 1;
			remoteGlobalIDString = E73B0D4A1CAEB28B00DDB11D;
			remoteInfo = UIAlertView;
		};
/* End PBXContainerItemProxy section */

/* Begin PBXFileReference section */
		E73B0D4B1CAEB28B00DDB11D /* UIAlertView.app */ = {isa = PBXFileReference; explicitFileType = wrapper.application; includeInIndex = 0; path = UIAlertView.app; sourceTree = BUILT_PRODUCTS_DIR; };
		E73B0D4F1CAEB28C00DDB11D /* main.m */ = {isa = PBXFileReference; lastKnownFileType = sourcecode.c.objc; path = main.m; sourceTree = "<group>"; };
		E73B0D511CAEB28C00DDB11D /* AppDelegate.h */ = {isa = PBXFileReference; lastKnownFileType = sourcecode.c.h; path = AppDelegate.h; sourceTree = "<group>"; };
		E73B0D521CAEB28C00DDB11D /* AppDelegate.m */ = {isa = PBXFileReference; lastKnownFileType = sourcecode.c.objc; path = AppDelegate.m; sourceTree = "<group>"; };
		E73B0D541CAEB28C00DDB11D /* ViewController.h */ = {isa = PBXFileReference; lastKnownFileType = sourcecode.c.h; path = ViewController.h; sourceTree = "<group>"; };
		E73B0D551CAEB28C00DDB11D /* ViewController.m */ = {isa = PBXFileReference; lastKnownFileType = sourcecode.c.objc; path = ViewController.m; sourceTree = "<group>"; };
		E73B0D581CAEB28C00DDB11D /* Base */ = {isa = PBXFileReference; lastKnownFileType = file.storyboard; name = Base; path = Base.lproj/Main.storyboard; sourceTree = "<group>"; };
		E73B0D5A1CAEB28C00DDB11D /* Assets.xcassets */ = {isa = PBXFileReference; lastKnownFileType = folder.assetcatalog; path = Assets.xcassets; sourceTree = "<group>"; };
		E73B0D5D1CAEB28C00DDB11D /* Base */ = {isa = PBXFileReference; lastKnownFileType = file.storyboard; name = Base; path = Base.lproj/LaunchScreen.storyboard; sourceTree = "<group>"; };
		E73B0D5F1CAEB28C00DDB11D /* Info.plist */ = {isa = PBXFileReference; lastKnownFileType = text.plist.xml; path = Info.plist; sourceTree = "<group>"; };
		E73B0D641CAEB28C00DDB11D /* UIAlertViewTests.xctest */ = {isa = PBXFileReference; explicitFileType = wrapper.cfbundle; includeInIndex = 0; path = UIAlertViewTests.xctest; sourceTree = BUILT_PRODUCTS_DIR; };
		E73B0D681CAEB28C00DDB11D /* UIAlertViewTests.m */ = {isa = PBXFileReference; lastKnownFileType = sourcecode.c.objc; path = UIAlertViewTests.m; sourceTree = "<group>"; };
		E73B0D6A1CAEB28C00DDB11D /* Info.plist */ = {isa = PBXFileReference; lastKnownFileType = text.plist.xml; path = Info.plist; sourceTree = "<group>"; };
		E73B0D6F1CAEB28C00DDB11D /* UIAlertViewUITests.xctest */ = {isa = PBXFileReference; explicitFileType = wrapper.cfbundle; includeInIndex = 0; path = UIAlertViewUITests.xctest; sourceTree = BUILT_PRODUCTS_DIR; };
		E73B0D731CAEB28C00DDB11D /* UIAlertViewUITests.m */ = {isa = PBXFileReference; lastKnownFileType = sourcecode.c.objc; path = UIAlertViewUITests.m; sourceTree = "<group>"; };
		E73B0D751CAEB28C00DDB11D /* Info.plist */ = {isa = PBXFileReference; lastKnownFileType = text.plist.xml; path = Info.plist; sourceTree = "<group>"; };
/* End PBXFileReference section */

/* Begin PBXFrameworksBuildPhase section */
		E73B0D481CAEB28B00DDB11D /* Frameworks */ = {
			isa = PBXFrameworksBuildPhase;
			buildActionMask = 2147483647;
			files = (
			);
			runOnlyForDeploymentPostprocessing = 0;
		};
		E73B0D611CAEB28C00DDB11D /* Frameworks */ = {
			isa = PBXFrameworksBuildPhase;
			buildActionMask = 2147483647;
			files = (
			);
			runOnlyForDeploymentPostprocessing = 0;
		};
		E73B0D6C1CAEB28C00DDB11D /* Frameworks */ = {
			isa = PBXFrameworksBuildPhase;
			buildActionMask = 2147483647;
			files = (
			);
			runOnlyForDeploymentPostprocessing = 0;
		};
/* End PBXFrameworksBuildPhase section */

/* Begin PBXGroup section */
		E73B0D421CAEB28B00DDB11D = {
			isa = PBXGroup;
			children = (
				E73B0D4D1CAEB28B00DDB11D /* UIAlertView */,
				E73B0D671CAEB28C00DDB11D /* UIAlertViewTests */,
				E73B0D721CAEB28C00DDB11D /* UIAlertViewUITests */,
				E73B0D4C1CAEB28B00DDB11D /* Products */,
			);
			sourceTree = "<group>";
		};
		E73B0D4C1CAEB28B00DDB11D /* Products */ = {
			isa = PBXGroup;
			children = (
				E73B0D4B1CAEB28B00DDB11D /* UIAlertView.app */,
				E73B0D641CAEB28C00DDB11D /* UIAlertViewTests.xctest */,
				E73B0D6F1CAEB28C00DDB11D /* UIAlertViewUITests.xctest */,
			);
			name = Products;
			sourceTree = "<group>";
		};
		E73B0D4D1CAEB28B00DDB11D /* UIAlertView */ = {
			isa = PBXGroup;
			children = (
				E73B0D511CAEB28C00DDB11D /* AppDelegate.h */,
				E73B0D521CAEB28C00DDB11D /* AppDelegate.m */,
				E73B0D541CAEB28C00DDB11D /* ViewController.h */,
				E73B0D551CAEB28C00DDB11D /* ViewController.m */,
				E73B0D571CAEB28C00DDB11D /* Main.storyboard */,
				E73B0D5A1CAEB28C00DDB11D /* Assets.xcassets */,
				E73B0D5C1CAEB28C00DDB11D /* LaunchScreen.storyboard */,
				E73B0D5F1CAEB28C00DDB11D /* Info.plist */,
				E73B0D4E1CAEB28B00DDB11D /* Supporting Files */,
			);
			path = UIAlertView;
			sourceTree = "<group>";
		};
		E73B0D4E1CAEB28B00DDB11D /* Supporting Files */ = {
			isa = PBXGroup;
			children = (
				E73B0D4F1CAEB28C00DDB11D /* main.m */,
			);
			name = "Supporting Files";
			sourceTree = "<group>";
		};
		E73B0D671CAEB28C00DDB11D /* UIAlertViewTests */ = {
			isa = PBXGroup;
			children = (
				E73B0D681CAEB28C00DDB11D /* UIAlertViewTests.m */,
				E73B0D6A1CAEB28C00DDB11D /* Info.plist */,
			);
			path = UIAlertViewTests;
			sourceTree = "<group>";
		};
		E73B0D721CAEB28C00DDB11D /* UIAlertViewUITests */ = {
			isa = PBXGroup;
			children = (
				E73B0D731CAEB28C00DDB11D /* UIAlertViewUITests.m */,
				E73B0D751CAEB28C00DDB11D /* Info.plist */,
			);
			path = UIAlertViewUITests;
			sourceTree = "<group>";
		};
/* End PBXGroup section */

/* Begin PBXNativeTarget section */
		E73B0D4A1CAEB28B00DDB11D /* UIAlertView */ = {
			isa = PBXNativeTarget;
			buildConfigurationList = E73B0D781CAEB28C00DDB11D /* Build configuration list for PBXNativeTarget "UIAlertView" */;
			buildPhases = (
				E73B0D471CAEB28B00DDB11D /* Sources */,
				E73B0D481CAEB28B00DDB11D /* Frameworks */,
				E73B0D491CAEB28B00DDB11D /* Resources */,
			);
			buildRules = (
			);
			dependencies = (
			);
			name = UIAlertView;
			productName = UIAlertView;
			productReference = E73B0D4B1CAEB28B00DDB11D /* UIAlertView.app */;
			productType = "com.apple.product-type.application";
		};
		E73B0D631CAEB28C00DDB11D /* UIAlertViewTests */ = {
			isa = PBXNativeTarget;
			buildConfigurationList = E73B0D7B1CAEB28C00DDB11D /* Build configuration list for PBXNativeTarget "UIAlertViewTests" */;
			buildPhases = (
				E73B0D601CAEB28C00DDB11D /* Sources */,
				E73B0D611CAEB28C00DDB11D /* Frameworks */,
				E73B0D621CAEB28C00DDB11D /* Resources */,
			);
			buildRules = (
			);
			dependencies = (
				E73B0D661CAEB28C00DDB11D /* PBXTargetDependency */,
			);
			name = UIAlertViewTests;
			productName = UIAlertViewTests;
			productReference = E73B0D641CAEB28C00DDB11D /* UIAlertViewTests.xctest */;
			productType = "com.apple.product-type.bundle.unit-test";
		};
		E73B0D6E1CAEB28C00DDB11D /* UIAlertViewUITests */ = {
			isa = PBXNativeTarget;
			buildConfigurationList = E73B0D7E1CAEB28C00DDB11D /* Build configuration list for PBXNativeTarget "UIAlertViewUITests" */;
			buildPhases = (
				E73B0D6B1CAEB28C00DDB11D /* Sources */,
				E73B0D6C1CAEB28C00DDB11D /* Frameworks */,
				E73B0D6D1CAEB28C00DDB11D /* Resources */,
			);
			buildRules = (
			);
			dependencies = (
				E73B0D711CAEB28C00DDB11D /* PBXTargetDependency */,
			);
			name = UIAlertViewUITests;
			productName = UIAlertViewUITests;
			productReference = E73B0D6F1CAEB28C00DDB11D /* UIAlertViewUITests.xctest */;
			productType = "com.apple.product-type.bundle.ui-testing";
		};
/* End PBXNativeTarget section */

/* Begin PBXProject section */
		E73B0D431CAEB28B00DDB11D /* Project object */ = {
			isa = PBXProject;
			attributes = {
				LastUpgradeCheck = 0710;
				ORGANIZATIONNAME = xgm;
				TargetAttributes = {
					E73B0D4A1CAEB28B00DDB11D = {
						CreatedOnToolsVersion = 7.1;
					};
					E73B0D631CAEB28C00DDB11D = {
						CreatedOnToolsVersion = 7.1;
						TestTargetID = E73B0D4A1CAEB28B00DDB11D;
					};
					E73B0D6E1CAEB28C00DDB11D = {
						CreatedOnToolsVersion = 7.1;
						TestTargetID = E73B0D4A1CAEB28B00DDB11D;
					};
				};
			};
			buildConfigurationList = E73B0D461CAEB28B00DDB11D /* Build configuration list for PBXProject "UIAlertView" */;
			compatibilityVersion = "Xcode 3.2";
			developmentRegion = English;
			hasScannedForEncodings = 0;
			knownRegions = (
				en,
				Base,
			);
			mainGroup = E73B0D421CAEB28B00DDB11D;
			productRefGroup = E73B0D4C1CAEB28B00DDB11D /* Products */;
			projectDirPath = "";
			projectRoot = "";
			targets = (
				E73B0D4A1CAEB28B00DDB11D /* UIAlertView */,
				E73B0D631CAEB28C00DDB11D /* UIAlertViewTests */,
				E73B0D6E1CAEB28C00DDB11D /* UIAlertViewUITests */,
			);
		};
/* End PBXProject section */

/* Begin PBXResourcesBuildPhase section */
		E73B0D491CAEB28B00DDB11D /* Resources */ = {
			isa = PBXResourcesBuildPhase;
			buildActionMask = 2147483647;
			files = (
				E73B0D5E1CAEB28C00DDB11D /* LaunchScreen.storyboard in Resources */,
				E73B0D5B1CAEB28C00DDB11D /* Assets.xcassets in Resources */,
				E73B0D591CAEB28C00DDB11D /* Main.storyboard in Resources */,
			);
			runOnlyForDeploymentPostprocessing = 0;
		};
		E73B0D621CAEB28C00DDB11D /* Resources */ = {
			isa = PBXResourcesBuildPhase;
			buildActionMask = 2147483647;
			files = (
			);
			runOnlyForDeploymentPostprocessing = 0;
		};
		E73B0D6D1CAEB28C00DDB11D /* Resources */ = {
			isa = PBXResourcesBuildPhase;
			buildActionMask = 2147483647;
			files = (
			);
			runOnlyForDeploymentPostprocessing = 0;
		};
/* End PBXResourcesBuildPhase section */

/* Begin PBXSourcesBuildPhase section */
		E73B0D471CAEB28B00DDB11D /* Sources */ = {
			isa = PBXSourcesBuildPhase;
			buildActionMask = 2147483647;
			files = (
				E73B0D561CAEB28C00DDB11D /* ViewController.m in Sources */,
				E73B0D531CAEB28C00DDB11D /* AppDelegate.m in Sources */,
				E73B0D501CAEB28C00DDB11D /* main.m in Sources */,
			);
			runOnlyForDeploymentPostprocessing = 0;
		};
		E73B0D601CAEB28C00DDB11D /* Sources */ = {
			isa = PBXSourcesBuildPhase;
			buildActionMask = 2147483647;
			files = (
				E73B0D691CAEB28C00DDB11D /* UIAlertViewTests.m in Sources */,
			);
			runOnlyForDeploymentPostprocessing = 0;
		};
		E73B0D6B1CAEB28C00DDB11D /* Sources */ = {
			isa = PBXSourcesBuildPhase;
			buildActionMask = 2147483647;
			files = (
				E73B0D741CAEB28C00DDB11D /* UIAlertViewUITests.m in Sources */,
			);
			runOnlyForDeploymentPostprocessing = 0;
		};
/* End PBXSourcesBuildPhase section */

/* Begin PBXTargetDependency section */
		E73B0D661CAEB28C00DDB11D /* PBXTargetDependency */ = {
			isa = PBXTargetDependency;
			target = E73B0D4A1CAEB28B00DDB11D /* UIAlertView */;
			targetProxy = E73B0D651CAEB28C00DDB11D /* PBXContainerItemProxy */;
		};
		E73B0D711CAEB28C00DDB11D /* PBXTargetDependency */ = {
			isa = PBXTargetDependency;
			target = E73B0D4A1CAEB28B00DDB11D /* UIAlertView */;
			targetProxy = E73B0D701CAEB28C00DDB11D /* PBXContainerItemProxy */;
		};
/* End PBXTargetDependency section */

/* Begin PBXVariantGroup section */
		E73B0D571CAEB28C00DDB11D /* Main.storyboard */ = {
			isa = PBXVariantGroup;
			children = (
				E73B0D581CAEB28C00DDB11D /* Base */,
			);
			name = Main.storyboard;
			sourceTree = "<group>";
		};
		E73B0D5C1CAEB28C00DDB11D /* LaunchScreen.storyboard */ = {
			isa = PBXVariantGroup;
			children = (
				E73B0D5D1CAEB28C00DDB11D /* Base */,
			);
			name = LaunchScreen.storyboard;
			sourceTree = "<group>";
		};
/* End PBXVariantGroup section */

/* Begin XCBuildConfiguration section */
		E73B0D761CAEB28C00DDB11D /* Debug */ = {
			isa = XCBuildConfiguration;
			buildSettings = {
				ALWAYS_SEARCH_USER_PATHS = NO;
				CLANG_CXX_LANGUAGE_STANDARD = "gnu++0x";
				CLANG_CXX_LIBRARY = "libc++";
				CLANG_ENABLE_MODULES = YES;
				CLANG_ENABLE_OBJC_ARC = YES;
				CLANG_WARN_BOOL_CONVERSION = YES;
				CLANG_WARN_CONSTANT_CONVERSION = YES;
				CLANG_WARN_DIRECT_OBJC_ISA_USAGE = YES_ERROR;
				CLANG_WARN_EMPTY_BODY = YES;
				CLANG_WARN_ENUM_CONVERSION = YES;
				CLANG_WARN_INT_CONVERSION = YES;
				CLANG_WARN_OBJC_ROOT_CLASS = YES_ERROR;
				CLANG_WARN_UNREACHABLE_CODE = YES;
				CLANG_WARN__DUPLICATE_METHOD_MATCH = YES;
				"CODE_SIGN_IDENTITY[sdk=iphoneos*]" = "iPhone Developer";
				COPY_PHASE_STRIP = NO;
				DEBUG_INFORMATION_FORMAT = dwarf;
				ENABLE_STRICT_OBJC_MSGSEND = YES;
				ENABLE_TESTABILITY = YES;
				GCC_C_LANGUAGE_STANDARD = gnu99;
				GCC_DYNAMIC_NO_PIC = NO;
				GCC_NO_COMMON_BLOCKS = YES;
				GCC_OPTIMIZATION_LEVEL = 0;
				GCC_PREPROCESSOR_DEFINITIONS = (
					"DEBUG=1",
					"$(inherited)",
				);
				GCC_WARN_64_TO_32_BIT_CONVERSION = YES;
				GCC_WARN_ABOUT_RETURN_TYPE = YES_ERROR;
				GCC_WARN_UNDECLARED_SELECTOR = YES;
				GCC_WARN_UNINITIALIZED_AUTOS = YES_AGGRESSIVE;
				GCC_WARN_UNUSED_FUNCTION = YES;
				GCC_WARN_UNUSED_VARIABLE = YES;
				IPHONEOS_DEPLOYMENT_TARGET = 9.1;
				MTL_ENABLE_DEBUG_INFO = YES;
				ONLY_ACTIVE_ARCH = YES;
				SDKROOT = iphoneos;
			};
			name = Debug;
		};
		E73B0D771CAEB28C00DDB11D /* Release */ = {
			isa = XCBuildConfiguration;
			buildSettings = {
				ALWAYS_SEARCH_USER_PATHS = NO;
				CLANG_CXX_LANGUAGE_STANDARD = "gnu++0x";
				CLANG_CXX_LIBRARY = "libc++";
				CLANG_ENABLE_MODULES = YES;
				CLANG_ENABLE_OBJC_ARC = YES;
				CLANG_WARN_BOOL_CONVERSION = YES;
				CLANG_WARN_CONSTANT_CONVERSION = YES;
				CLANG_WARN_DIRECT_OBJC_ISA_USAGE = YES_ERROR;
				CLANG_WARN_EMPTY_BODY = YES;
				CLANG_WARN_ENUM_CONVERSION = YES;
				CLANG_WARN_INT_CONVERSION = YES;
				CLANG_WARN_OBJC_ROOT_CLASS = YES_ERROR;
				CLANG_WARN_UNREACHABLE_CODE = YES;
				CLANG_WARN__DUPLICATE_METHOD_MATCH = YES;
				"CODE_SIGN_IDENTITY[sdk=iphoneos*]" = "iPhone Developer";
				COPY_PHASE_STRIP = NO;
				DEBUG_INFORMATION_FORMAT = "dwarf-with-dsym";
				ENABLE_NS_ASSERTIONS = NO;
				ENABLE_STRICT_OBJC_MSGSEND = YES;
				GCC_C_LANGUAGE_STANDARD = gnu99;
				GCC_NO_COMMON_BLOCKS = YES;
				GCC_WARN_64_TO_32_BIT_CONVERSION = YES;
				GCC_WARN_ABOUT_RETURN_TYPE = YES_ERROR;
				GCC_WARN_UNDECLARED_SELECTOR = YES;
				GCC_WARN_UNINITIALIZED_AUTOS = YES_AGGRESSIVE;
				GCC_WARN_UNUSED_FUNCTION = YES;
				GCC_WARN_UNUSED_VARIABLE = YES;
				IPHONEOS_DEPLOYMENT_TARGET = 9.1;
				MTL_ENABLE_DEBUG_INFO = NO;
				SDKROOT = iphoneos;
				VALIDATE_PRODUCT = YES;
			};
			name = Release;
		};
		E73B0D791CAEB28C00DDB11D /* Debug */ = {
			isa = XCBuildConfiguration;
			buildSettings = {
				ASSETCATALOG_COMPILER_APPICON_NAME = AppIcon;
				INFOPLIST_FILE = UIAlertView/Info.plist;
				LD_RUNPATH_SEARCH_PATHS = "$(inherited) @executable_path/Frameworks";
				PRODUCT_BUNDLE_IDENTIFIER = FK.UIAlertView;
				PRODUCT_NAME = "$(TARGET_NAME)";
			};
			name = Debug;
		};
		E73B0D7A1CAEB28C00DDB11D /* Release */ = {
			isa = XCBuildConfiguration;
			buildSettings = {
				ASSETCATALOG_COMPILER_APPICON_NAME = AppIcon;
				INFOPLIST_FILE = UIAlertView/Info.plist;
				LD_RUNPATH_SEARCH_PATHS = "$(inherited) @executable_path/Frameworks";
				PRODUCT_BUNDLE_IDENTIFIER = FK.UIAlertView;
				PRODUCT_NAME = "$(TARGET_NAME)";
			};
			name = Release;
		};
		E73B0D7C1CAEB28C00DDB11D /* Debug */ = {
			isa = XCBuildConfiguration;
			buildSettings = {
				BUNDLE_LOADER = "$(TEST_HOST)";
				INFOPLIST_FILE = UIAlertViewTests/Info.plist;
				LD_RUNPATH_SEARCH_PATHS = "$(inherited) @executable_path/Frameworks @loader_path/Frameworks";
				PRODUCT_BUNDLE_IDENTIFIER = FK.UIAlertViewTests;
				PRODUCT_NAME = "$(TARGET_NAME)";
				TEST_HOST = "$(BUILT_PRODUCTS_DIR)/UIAlertView.app/UIAlertView";
			};
			name = Debug;
		};
		E73B0D7D1CAEB28C00DDB11D /* Release */ = {
			isa = XCBuildConfiguration;
			buildSettings = {
				BUNDLE_LOADER = "$(TEST_HOST)";
				INFOPLIST_FILE = UIAlertViewTests/Info.plist;
				LD_RUNPATH_SEARCH_PATHS = "$(inherited) @executable_path/Frameworks @loader_path/Frameworks";
				PRODUCT_BUNDLE_IDENTIFIER = FK.UIAlertViewTests;
				PRODUCT_NAME = "$(TARGET_NAME)";
				TEST_HOST = "$(BUILT_PRODUCTS_DIR)/UIAlertView.app/UIAlertView";
			};
			name = Release;
		};
		E73B0D7F1CAEB28C00DDB11D /* Debug */ = {
			isa = XCBuildConfiguration;
			buildSettings = {
				INFOPLIST_FILE = UIAlertViewUITests/Info.plist;
				LD_RUNPATH_SEARCH_PATHS = "$(inherited) @executable_path/Frameworks @loader_path/Frameworks";
				PRODUCT_BUNDLE_IDENTIFIER = FK.UIAlertViewUITests;
				PRODUCT_NAME = "$(TARGET_NAME)";
				TEST_TARGET_NAME = UIAlertView;
				USES_XCTRUNNER = YES;
			};
			name = Debug;
		};
		E73B0D801CAEB28C00DDB11D /* Release */ = {
			isa = XCBuildConfiguration;
			buildSettings = {
				INFOPLIST_FILE = UIAlertViewUITests/Info.plist;
				LD_RUNPATH_SEARCH_PATHS = "$(inherited) @executable_path/Frameworks @loader_path/Frameworks";
				PRODUCT_BUNDLE_IDENTIFIER = FK.UIAlertViewUITests;
				PRODUCT_NAME = "$(TARGET_NAME)";
				TEST_TARGET_NAME = UIAlertView;
				USES_XCTRUNNER = YES;
			};
			name = Release;
		};
/* End XCBuildConfiguration section */

/* Begin XCConfigurationList section */
		E73B0D461CAEB28B00DDB11D /* Build configuration list for PBXProject "UIAlertView" */ = {
			isa = XCConfigurationList;
			buildConfigurations = (
				E73B0D761CAEB28C00DDB11D /* Debug */,
				E73B0D771CAEB28C00DDB11D /* Release */,
			);
			defaultConfigurationIsVisible = 0;
			defaultConfigurationName = Release;
		};
		E73B0D781CAEB28C00DDB11D /* Build configuration list for PBXNativeTarget "UIAlertView" */ = {
			isa = XCConfigurationList;
			buildConfigurations = (
				E73B0D791CAEB28C00DDB11D /* Debug */,
				E73B0D7A1CAEB28C00DDB11D /* Release */,
			);
			defaultConfigurationIsVisible = 0;
		};
		E73B0D7B1CAEB28C00DDB11D /* Build configuration list for PBXNativeTarget "UIAlertViewTests" */ = {
			isa = XCConfigurationList;
			buildConfigurations = (
				E73B0D7C1CAEB28C00DDB11D /* Debug */,
				E73B0D7D1CAEB28C00DDB11D /* Release */,
			);
			defaultConfigurationIsVisible = 0;
		};
		E73B0D7E1CAEB28C00DDB11D /* Build configuration list for PBXNativeTarget "UIAlertViewUITests" */ = {
			isa = XCConfigurationList;
			buildConfigurations = (
				E73B0D7F1CAEB28C00DDB11D /* Debug */,
				E73B0D801CAEB28C00DDB11D /* Release */,
			);
			defaultConfigurationIsVisible = 0;
		};
/* End XCConfigurationList section */
	};
	rootObject = E73B0D431CAEB28B00DDB11D /* Project object */;
}
