// !$*UTF8*$!
{
	archiveVersion = 1;
	classes = {
	};
	objectVersion = 46;
	objects = {

/* Begin PBXBuildFile section */
		E7EA77FA1C9DAD30008BEFDD /* main.m in Sources */ = {isa = PBXBuildFile; fileRef = E7EA77F91C9DAD30008BEFDD /* main.m */; };
		E7EA77FD1C9DAD30008BEFDD /* AppDelegate.m in Sources */ = {isa = PBXBuildFile; fileRef = E7EA77FC1C9DAD30008BEFDD /* AppDelegate.m */; };
		E7EA78001C9DAD30008BEFDD /* ViewController.m in Sources */ = {isa = PBXBuildFile; fileRef = E7EA77FF1C9DAD30008BEFDD /* ViewController.m */; };
		E7EA78031C9DAD30008BEFDD /* Main.storyboard in Resources */ = {isa = PBXBuildFile; fileRef = E7EA78011C9DAD30008BEFDD /* Main.storyboard */; };
		E7EA78051C9DAD30008BEFDD /* Assets.xcassets in Resources */ = {isa = PBXBuildFile; fileRef = E7EA78041C9DAD30008BEFDD /* Assets.xcassets */; };
		E7EA78081C9DAD30008BEFDD /* LaunchScreen.storyboard in Resources */ = {isa = PBXBuildFile; fileRef = E7EA78061C9DAD30008BEFDD /* LaunchScreen.storyboard */; };
		E7EA78131C9DAD30008BEFDD /* UIImageView2Tests.m in Sources */ = {isa = PBXBuildFile; fileRef = E7EA78121C9DAD30008BEFDD /* UIImageView2Tests.m */; };
		E7EA781E1C9DAD30008BEFDD /* UIImageView2UITests.m in Sources */ = {isa = PBXBuildFile; fileRef = E7EA781D1C9DAD30008BEFDD /* UIImageView2UITests.m */; };
		E7EA78531C9DB596008BEFDD /* f.jpg in Resources */ = {isa = PBXBuildFile; fileRef = E7EA78511C9DB596008BEFDD /* f.jpg */; };
		E7EA78541C9DB596008BEFDD /* g.jpg in Resources */ = {isa = PBXBuildFile; fileRef = E7EA78521C9DB596008BEFDD /* g.jpg */; };
/* End PBXBuildFile section */

/* Begin PBXContainerItemProxy section */
		E7EA780F1C9DAD30008BEFDD /* PBXContainerItemProxy */ = {
			isa = PBXContainerItemProxy;
			containerPortal = E7EA77ED1C9DAD30008BEFDD /* Project object */;
			proxyType = 1;
			remoteGlobalIDString = E7EA77F41C9DAD30008BEFDD;
			remoteInfo = UIImageView2;
		};
		E7EA781A1C9DAD30008BEFDD /* PBXContainerItemProxy */ = {
			isa = PBXContainerItemProxy;
			containerPortal = E7EA77ED1C9DAD30008BEFDD /* Project object */;
			proxyType = 1;
			remoteGlobalIDString = E7EA77F41C9DAD30008BEFDD;
			remoteInfo = UIImageView2;
		};
/* End PBXContainerItemProxy section */

/* Begin PBXFileReference section */
		E7EA77F51C9DAD30008BEFDD /* UIImageView2.app */ = {isa = PBXFileReference; explicitFileType = wrapper.application; includeInIndex = 0; path = UIImageView2.app; sourceTree = BUILT_PRODUCTS_DIR; };
		E7EA77F91C9DAD30008BEFDD /* main.m */ = {isa = PBXFileReference; lastKnownFileType = sourcecode.c.objc; path = main.m; sourceTree = "<group>"; };
		E7EA77FB1C9DAD30008BEFDD /* AppDelegate.h */ = {isa = PBXFileReference; lastKnownFileType = sourcecode.c.h; path = AppDelegate.h; sourceTree = "<group>"; };
		E7EA77FC1C9DAD30008BEFDD /* AppDelegate.m */ = {isa = PBXFileReference; lastKnownFileType = sourcecode.c.objc; path = AppDelegate.m; sourceTree = "<group>"; };
		E7EA77FE1C9DAD30008BEFDD /* ViewController.h */ = {isa = PBXFileReference; lastKnownFileType = sourcecode.c.h; path = ViewController.h; sourceTree = "<group>"; };
		E7EA77FF1C9DAD30008BEFDD /* ViewController.m */ = {isa = PBXFileReference; lastKnownFileType = sourcecode.c.objc; path = ViewController.m; sourceTree = "<group>"; };
		E7EA78021C9DAD30008BEFDD /* Base */ = {isa = PBXFileReference; lastKnownFileType = file.storyboard; name = Base; path = Base.lproj/Main.storyboard; sourceTree = "<group>"; };
		E7EA78041C9DAD30008BEFDD /* Assets.xcassets */ = {isa = PBXFileReference; lastKnownFileType = folder.assetcatalog; path = Assets.xcassets; sourceTree = "<group>"; };
		E7EA78071C9DAD30008BEFDD /* Base */ = {isa = PBXFileReference; lastKnownFileType = file.storyboard; name = Base; path = Base.lproj/LaunchScreen.storyboard; sourceTree = "<group>"; };
		E7EA78091C9DAD30008BEFDD /* Info.plist */ = {isa = PBXFileReference; lastKnownFileType = text.plist.xml; path = Info.plist; sourceTree = "<group>"; };
		E7EA780E1C9DAD30008BEFDD /* UIImageView2Tests.xctest */ = {isa = PBXFileReference; explicitFileType = wrapper.cfbundle; includeInIndex = 0; path = UIImageView2Tests.xctest; sourceTree = BUILT_PRODUCTS_DIR; };
		E7EA78121C9DAD30008BEFDD /* UIImageView2Tests.m */ = {isa = PBXFileReference; lastKnownFileType = sourcecode.c.objc; path = UIImageView2Tests.m; sourceTree = "<group>"; };
		E7EA78141C9DAD30008BEFDD /* Info.plist */ = {isa = PBXFileReference; lastKnownFileType = text.plist.xml; path = Info.plist; sourceTree = "<group>"; };
		E7EA78191C9DAD30008BEFDD /* UIImageView2UITests.xctest */ = {isa = PBXFileReference; explicitFileType = wrapper.cfbundle; includeInIndex = 0; path = UIImageView2UITests.xctest; sourceTree = BUILT_PRODUCTS_DIR; };
		E7EA781D1C9DAD30008BEFDD /* UIImageView2UITests.m */ = {isa = PBXFileReference; lastKnownFileType = sourcecode.c.objc; path = UIImageView2UITests.m; sourceTree = "<group>"; };
		E7EA781F1C9DAD30008BEFDD /* Info.plist */ = {isa = PBXFileReference; lastKnownFileType = text.plist.xml; path = Info.plist; sourceTree = "<group>"; };
		E7EA78511C9DB596008BEFDD /* f.jpg */ = {isa = PBXFileReference; lastKnownFileType = image.jpeg; path = f.jpg; sourceTree = "<group>"; };
		E7EA78521C9DB596008BEFDD /* g.jpg */ = {isa = PBXFileReference; lastKnownFileType = image.jpeg; path = g.jpg; sourceTree = "<group>"; };
/* End PBXFileReference section */

/* Begin PBXFrameworksBuildPhase section */
		E7EA77F21C9DAD30008BEFDD /* Frameworks */ = {
			isa = PBXFrameworksBuildPhase;
			buildActionMask = 2147483647;
			files = (
			);
			runOnlyForDeploymentPostprocessing = 0;
		};
		E7EA780B1C9DAD30008BEFDD /* Frameworks */ = {
			isa = PBXFrameworksBuildPhase;
			buildActionMask = 2147483647;
			files = (
			);
			runOnlyForDeploymentPostprocessing = 0;
		};
		E7EA78161C9DAD30008BEFDD /* Frameworks */ = {
			isa = PBXFrameworksBuildPhase;
			buildActionMask = 2147483647;
			files = (
			);
			runOnlyForDeploymentPostprocessing = 0;
		};
/* End PBXFrameworksBuildPhase section */

/* Begin PBXGroup section */
		E7EA77EC1C9DAD30008BEFDD = {
			isa = PBXGroup;
			children = (
				E7EA77F71C9DAD30008BEFDD /* UIImageView2 */,
				E7EA78111C9DAD30008BEFDD /* UIImageView2Tests */,
				E7EA781C1C9DAD30008BEFDD /* UIImageView2UITests */,
				E7EA77F61C9DAD30008BEFDD /* Products */,
			);
			sourceTree = "<group>";
		};
		E7EA77F61C9DAD30008BEFDD /* Products */ = {
			isa = PBXGroup;
			children = (
				E7EA77F51C9DAD30008BEFDD /* UIImageView2.app */,
				E7EA780E1C9DAD30008BEFDD /* UIImageView2Tests.xctest */,
				E7EA78191C9DAD30008BEFDD /* UIImageView2UITests.xctest */,
			);
			name = Products;
			sourceTree = "<group>";
		};
		E7EA77F71C9DAD30008BEFDD /* UIImageView2 */ = {
			isa = PBXGroup;
			children = (
				E7EA77FB1C9DAD30008BEFDD /* AppDelegate.h */,
				E7EA77FC1C9DAD30008BEFDD /* AppDelegate.m */,
				E7EA77FE1C9DAD30008BEFDD /* ViewController.h */,
				E7EA77FF1C9DAD30008BEFDD /* ViewController.m */,
				E7EA78011C9DAD30008BEFDD /* Main.storyboard */,
				E7EA78041C9DAD30008BEFDD /* Assets.xcassets */,
				E7EA78061C9DAD30008BEFDD /* LaunchScreen.storyboard */,
				E7EA78091C9DAD30008BEFDD /* Info.plist */,
				E7EA77F81C9DAD30008BEFDD /* Supporting Files */,
			);
			path = UIImageView2;
			sourceTree = "<group>";
		};
		E7EA77F81C9DAD30008BEFDD /* Supporting Files */ = {
			isa = PBXGroup;
			children = (
				E7EA78501C9DB558008BEFDD /* images */,
				E7EA77F91C9DAD30008BEFDD /* main.m */,
			);
			name = "Supporting Files";
			sourceTree = "<group>";
		};
		E7EA78111C9DAD30008BEFDD /* UIImageView2Tests */ = {
			isa = PBXGroup;
			children = (
				E7EA78121C9DAD30008BEFDD /* UIImageView2Tests.m */,
				E7EA78141C9DAD30008BEFDD /* Info.plist */,
			);
			path = UIImageView2Tests;
			sourceTree = "<group>";
		};
		E7EA781C1C9DAD30008BEFDD /* UIImageView2UITests */ = {
			isa = PBXGroup;
			children = (
				E7EA781D1C9DAD30008BEFDD /* UIImageView2UITests.m */,
				E7EA781F1C9DAD30008BEFDD /* Info.plist */,
			);
			path = UIImageView2UITests;
			sourceTree = "<group>";
		};
		E7EA78501C9DB558008BEFDD /* images */ = {
			isa = PBXGroup;
			children = (
				E7EA78511C9DB596008BEFDD /* f.jpg */,
				E7EA78521C9DB596008BEFDD /* g.jpg */,
			);
			name = images;
			sourceTree = "<group>";
		};
/* End PBXGroup section */

/* Begin PBXNativeTarget section */
		E7EA77F41C9DAD30008BEFDD /* UIImageView2 */ = {
			isa = PBXNativeTarget;
			buildConfigurationList = E7EA78221C9DAD30008BEFDD /* Build configuration list for PBXNativeTarget "UIImageView2" */;
			buildPhases = (
				E7EA77F11C9DAD30008BEFDD /* Sources */,
				E7EA77F21C9DAD30008BEFDD /* Frameworks */,
				E7EA77F31C9DAD30008BEFDD /* Resources */,
			);
			buildRules = (
			);
			dependencies = (
			);
			name = UIImageView2;
			productName = UIImageView2;
			productReference = E7EA77F51C9DAD30008BEFDD /* UIImageView2.app */;
			productType = "com.apple.product-type.application";
		};
		E7EA780D1C9DAD30008BEFDD /* UIImageView2Tests */ = {
			isa = PBXNativeTarget;
			buildConfigurationList = E7EA78251C9DAD30008BEFDD /* Build configuration list for PBXNativeTarget "UIImageView2Tests" */;
			buildPhases = (
				E7EA780A1C9DAD30008BEFDD /* Sources */,
				E7EA780B1C9DAD30008BEFDD /* Frameworks */,
				E7EA780C1C9DAD30008BEFDD /* Resources */,
			);
			buildRules = (
			);
			dependencies = (
				E7EA78101C9DAD30008BEFDD /* PBXTargetDependency */,
			);
			name = UIImageView2Tests;
			productName = UIImageView2Tests;
			productReference = E7EA780E1C9DAD30008BEFDD /* UIImageView2Tests.xctest */;
			productType = "com.apple.product-type.bundle.unit-test";
		};
		E7EA78181C9DAD30008BEFDD /* UIImageView2UITests */ = {
			isa = PBXNativeTarget;
			buildConfigurationList = E7EA78281C9DAD30008BEFDD /* Build configuration list for PBXNativeTarget "UIImageView2UITests" */;
			buildPhases = (
				E7EA78151C9DAD30008BEFDD /* Sources */,
				E7EA78161C9DAD30008BEFDD /* Frameworks */,
				E7EA78171C9DAD30008BEFDD /* Resources */,
			);
			buildRules = (
			);
			dependencies = (
				E7EA781B1C9DAD30008BEFDD /* PBXTargetDependency */,
			);
			name = UIImageView2UITests;
			productName = UIImageView2UITests;
			productReference = E7EA78191C9DAD30008BEFDD /* UIImageView2UITests.xctest */;
			productType = "com.apple.product-type.bundle.ui-testing";
		};
/* End PBXNativeTarget section */

/* Begin PBXProject section */
		E7EA77ED1C9DAD30008BEFDD /* Project object */ = {
			isa = PBXProject;
			attributes = {
				LastUpgradeCheck = 0710;
				ORGANIZATIONNAME = xgm;
				TargetAttributes = {
					E7EA77F41C9DAD30008BEFDD = {
						CreatedOnToolsVersion = 7.1;
					};
					E7EA780D1C9DAD30008BEFDD = {
						CreatedOnToolsVersion = 7.1;
						TestTargetID = E7EA77F41C9DAD30008BEFDD;
					};
					E7EA78181C9DAD30008BEFDD = {
						CreatedOnToolsVersion = 7.1;
						TestTargetID = E7EA77F41C9DAD30008BEFDD;
					};
				};
			};
			buildConfigurationList = E7EA77F01C9DAD30008BEFDD /* Build configuration list for PBXProject "UIImageView2" */;
			compatibilityVersion = "Xcode 3.2";
			developmentRegion = English;
			hasScannedForEncodings = 0;
			knownRegions = (
				en,
				Base,
			);
			mainGroup = E7EA77EC1C9DAD30008BEFDD;
			productRefGroup = E7EA77F61C9DAD30008BEFDD /* Products */;
			projectDirPath = "";
			projectRoot = "";
			targets = (
				E7EA77F41C9DAD30008BEFDD /* UIImageView2 */,
				E7EA780D1C9DAD30008BEFDD /* UIImageView2Tests */,
				E7EA78181C9DAD30008BEFDD /* UIImageView2UITests */,
			);
		};
/* End PBXProject section */

/* Begin PBXResourcesBuildPhase section */
		E7EA77F31C9DAD30008BEFDD /* Resources */ = {
			isa = PBXResourcesBuildPhase;
			buildActionMask = 2147483647;
			files = (
				E7EA78531C9DB596008BEFDD /* f.jpg in Resources */,
				E7EA78081C9DAD30008BEFDD /* LaunchScreen.storyboard in Resources */,
				E7EA78051C9DAD30008BEFDD /* Assets.xcassets in Resources */,
				E7EA78541C9DB596008BEFDD /* g.jpg in Resources */,
				E7EA78031C9DAD30008BEFDD /* Main.storyboard in Resources */,
			);
			runOnlyForDeploymentPostprocessing = 0;
		};
		E7EA780C1C9DAD30008BEFDD /* Resources */ = {
			isa = PBXResourcesBuildPhase;
			buildActionMask = 2147483647;
			files = (
			);
			runOnlyForDeploymentPostprocessing = 0;
		};
		E7EA78171C9DAD30008BEFDD /* Resources */ = {
			isa = PBXResourcesBuildPhase;
			buildActionMask = 2147483647;
			files = (
			);
			runOnlyForDeploymentPostprocessing = 0;
		};
/* End PBXResourcesBuildPhase section */

/* Begin PBXSourcesBuildPhase section */
		E7EA77F11C9DAD30008BEFDD /* Sources */ = {
			isa = PBXSourcesBuildPhase;
			buildActionMask = 2147483647;
			files = (
				E7EA78001C9DAD30008BEFDD /* ViewController.m in Sources */,
				E7EA77FD1C9DAD30008BEFDD /* AppDelegate.m in Sources */,
				E7EA77FA1C9DAD30008BEFDD /* main.m in Sources */,
			);
			runOnlyForDeploymentPostprocessing = 0;
		};
		E7EA780A1C9DAD30008BEFDD /* Sources */ = {
			isa = PBXSourcesBuildPhase;
			buildActionMask = 2147483647;
			files = (
				E7EA78131C9DAD30008BEFDD /* UIImageView2Tests.m in Sources */,
			);
			runOnlyForDeploymentPostprocessing = 0;
		};
		E7EA78151C9DAD30008BEFDD /* Sources */ = {
			isa = PBXSourcesBuildPhase;
			buildActionMask = 2147483647;
			files = (
				E7EA781E1C9DAD30008BEFDD /* UIImageView2UITests.m in Sources */,
			);
			runOnlyForDeploymentPostprocessing = 0;
		};
/* End PBXSourcesBuildPhase section */

/* Begin PBXTargetDependency section */
		E7EA78101C9DAD30008BEFDD /* PBXTargetDependency */ = {
			isa = PBXTargetDependency;
			target = E7EA77F41C9DAD30008BEFDD /* UIImageView2 */;
			targetProxy = E7EA780F1C9DAD30008BEFDD /* PBXContainerItemProxy */;
		};
		E7EA781B1C9DAD30008BEFDD /* PBXTargetDependency */ = {
			isa = PBXTargetDependency;
			target = E7EA77F41C9DAD30008BEFDD /* UIImageView2 */;
			targetProxy = E7EA781A1C9DAD30008BEFDD /* PBXContainerItemProxy */;
		};
/* End PBXTargetDependency section */

/* Begin PBXVariantGroup section */
		E7EA78011C9DAD30008BEFDD /* Main.storyboard */ = {
			isa = PBXVariantGroup;
			children = (
				E7EA78021C9DAD30008BEFDD /* Base */,
			);
			name = Main.storyboard;
			sourceTree = "<group>";
		};
		E7EA78061C9DAD30008BEFDD /* LaunchScreen.storyboard */ = {
			isa = PBXVariantGroup;
			children = (
				E7EA78071C9DAD30008BEFDD /* Base */,
			);
			name = LaunchScreen.storyboard;
			sourceTree = "<group>";
		};
/* End PBXVariantGroup section */

/* Begin XCBuildConfiguration section */
		E7EA78201C9DAD30008BEFDD /* Debug */ = {
			isa = XCBuildConfiguration;
			buildSettings = {
				ALWAYS_SEARCH_USER_PATHS = NO;
				CLANG_CXX_LANGUAGE_STANDARD = "gnu++0x";
				CLANG_CXX_LIBRARY = "libc++";
				CLANG_ENABLE_MODULES = YES;
				CLANG_ENABLE_OBJC_ARC = YES;
				CLANG_WARN_BOOL_CONVERSION = YES;
				CLANG_WARN_CONSTANT_CONVERSION = YES;
				CLANG_WARN_DIRECT_OBJC_ISA_USAGE = YES_ERROR;
				CLANG_WARN_EMPTY_BODY = YES;
				CLANG_WARN_ENUM_CONVERSION = YES;
				CLANG_WARN_INT_CONVERSION = YES;
				CLANG_WARN_OBJC_ROOT_CLASS = YES_ERROR;
				CLANG_WARN_UNREACHABLE_CODE = YES;
				CLANG_WARN__DUPLICATE_METHOD_MATCH = YES;
				"CODE_SIGN_IDENTITY[sdk=iphoneos*]" = "iPhone Developer";
				COPY_PHASE_STRIP = NO;
				DEBUG_INFORMATION_FORMAT = dwarf;
				ENABLE_STRICT_OBJC_MSGSEND = YES;
				ENABLE_TESTABILITY = YES;
				GCC_C_LANGUAGE_STANDARD = gnu99;
				GCC_DYNAMIC_NO_PIC = NO;
				GCC_NO_COMMON_BLOCKS = YES;
				GCC_OPTIMIZATION_LEVEL = 0;
				GCC_PREPROCESSOR_DEFINITIONS = (
					"DEBUG=1",
					"$(inherited)",
				);
				GCC_WARN_64_TO_32_BIT_CONVERSION = YES;
				GCC_WARN_ABOUT_RETURN_TYPE = YES_ERROR;
				GCC_WARN_UNDECLARED_SELECTOR = YES;
				GCC_WARN_UNINITIALIZED_AUTOS = YES_AGGRESSIVE;
				GCC_WARN_UNUSED_FUNCTION = YES;
				GCC_WARN_UNUSED_VARIABLE = YES;
				IPHONEOS_DEPLOYMENT_TARGET = 9.1;
				MTL_ENABLE_DEBUG_INFO = YES;
				ONLY_ACTIVE_ARCH = YES;
				SDKROOT = iphoneos;
			};
			name = Debug;
		};
		E7EA78211C9DAD30008BEFDD /* Release */ = {
			isa = XCBuildConfiguration;
			buildSettings = {
				ALWAYS_SEARCH_USER_PATHS = NO;
				CLANG_CXX_LANGUAGE_STANDARD = "gnu++0x";
				CLANG_CXX_LIBRARY = "libc++";
				CLANG_ENABLE_MODULES = YES;
				CLANG_ENABLE_OBJC_ARC = YES;
				CLANG_WARN_BOOL_CONVERSION = YES;
				CLANG_WARN_CONSTANT_CONVERSION = YES;
				CLANG_WARN_DIRECT_OBJC_ISA_USAGE = YES_ERROR;
				CLANG_WARN_EMPTY_BODY = YES;
				CLANG_WARN_ENUM_CONVERSION = YES;
				CLANG_WARN_INT_CONVERSION = YES;
				CLANG_WARN_OBJC_ROOT_CLASS = YES_ERROR;
				CLANG_WARN_UNREACHABLE_CODE = YES;
				CLANG_WARN__DUPLICATE_METHOD_MATCH = YES;
				"CODE_SIGN_IDENTITY[sdk=iphoneos*]" = "iPhone Developer";
				COPY_PHASE_STRIP = NO;
				DEBUG_INFORMATION_FORMAT = "dwarf-with-dsym";
				ENABLE_NS_ASSERTIONS = NO;
				ENABLE_STRICT_OBJC_MSGSEND = YES;
				GCC_C_LANGUAGE_STANDARD = gnu99;
				GCC_NO_COMMON_BLOCKS = YES;
				GCC_WARN_64_TO_32_BIT_CONVERSION = YES;
				GCC_WARN_ABOUT_RETURN_TYPE = YES_ERROR;
				GCC_WARN_UNDECLARED_SELECTOR = YES;
				GCC_WARN_UNINITIALIZED_AUTOS = YES_AGGRESSIVE;
				GCC_WARN_UNUSED_FUNCTION = YES;
				GCC_WARN_UNUSED_VARIABLE = YES;
				IPHONEOS_DEPLOYMENT_TARGET = 9.1;
				MTL_ENABLE_DEBUG_INFO = NO;
				SDKROOT = iphoneos;
				VALIDATE_PRODUCT = YES;
			};
			name = Release;
		};
		E7EA78231C9DAD30008BEFDD /* Debug */ = {
			isa = XCBuildConfiguration;
			buildSettings = {
				ASSETCATALOG_COMPILER_APPICON_NAME = AppIcon;
				INFOPLIST_FILE = UIImageView2/Info.plist;
				LD_RUNPATH_SEARCH_PATHS = "$(inherited) @executable_path/Frameworks";
				PRODUCT_BUNDLE_IDENTIFIER = FK.UIImageView2;
				PRODUCT_NAME = "$(TARGET_NAME)";
			};
			name = Debug;
		};
		E7EA78241C9DAD30008BEFDD /* Release */ = {
			isa = XCBuildConfiguration;
			buildSettings = {
				ASSETCATALOG_COMPILER_APPICON_NAME = AppIcon;
				INFOPLIST_FILE = UIImageView2/Info.plist;
				LD_RUNPATH_SEARCH_PATHS = "$(inherited) @executable_path/Frameworks";
				PRODUCT_BUNDLE_IDENTIFIER = FK.UIImageView2;
				PRODUCT_NAME = "$(TARGET_NAME)";
			};
			name = Release;
		};
		E7EA78261C9DAD30008BEFDD /* Debug */ = {
			isa = XCBuildConfiguration;
			buildSettings = {
				BUNDLE_LOADER = "$(TEST_HOST)";
				INFOPLIST_FILE = UIImageView2Tests/Info.plist;
				LD_RUNPATH_SEARCH_PATHS = "$(inherited) @executable_path/Frameworks @loader_path/Frameworks";
				PRODUCT_BUNDLE_IDENTIFIER = FK.UIImageView2Tests;
				PRODUCT_NAME = "$(TARGET_NAME)";
				TEST_HOST = "$(BUILT_PRODUCTS_DIR)/UIImageView2.app/UIImageView2";
			};
			name = Debug;
		};
		E7EA78271C9DAD30008BEFDD /* Release */ = {
			isa = XCBuildConfiguration;
			buildSettings = {
				BUNDLE_LOADER = "$(TEST_HOST)";
				INFOPLIST_FILE = UIImageView2Tests/Info.plist;
				LD_RUNPATH_SEARCH_PATHS = "$(inherited) @executable_path/Frameworks @loader_path/Frameworks";
				PRODUCT_BUNDLE_IDENTIFIER = FK.UIImageView2Tests;
				PRODUCT_NAME = "$(TARGET_NAME)";
				TEST_HOST = "$(BUILT_PRODUCTS_DIR)/UIImageView2.app/UIImageView2";
			};
			name = Release;
		};
		E7EA78291C9DAD30008BEFDD /* Debug */ = {
			isa = XCBuildConfiguration;
			buildSettings = {
				INFOPLIST_FILE = UIImageView2UITests/Info.plist;
				LD_RUNPATH_SEARCH_PATHS = "$(inherited) @executable_path/Frameworks @loader_path/Frameworks";
				PRODUCT_BUNDLE_IDENTIFIER = FK.UIImageView2UITests;
				PRODUCT_NAME = "$(TARGET_NAME)";
				TEST_TARGET_NAME = UIImageView2;
				USES_XCTRUNNER = YES;
			};
			name = Debug;
		};
		E7EA782A1C9DAD30008BEFDD /* Release */ = {
			isa = XCBuildConfiguration;
			buildSettings = {
				INFOPLIST_FILE = UIImageView2UITests/Info.plist;
				LD_RUNPATH_SEARCH_PATHS = "$(inherited) @executable_path/Frameworks @loader_path/Frameworks";
				PRODUCT_BUNDLE_IDENTIFIER = FK.UIImageView2UITests;
				PRODUCT_NAME = "$(TARGET_NAME)";
				TEST_TARGET_NAME = UIImageView2;
				USES_XCTRUNNER = YES;
			};
			name = Release;
		};
/* End XCBuildConfiguration section */

/* Begin XCConfigurationList section */
		E7EA77F01C9DAD30008BEFDD /* Build configuration list for PBXProject "UIImageView2" */ = {
			isa = XCConfigurationList;
			buildConfigurations = (
				E7EA78201C9DAD30008BEFDD /* Debug */,
				E7EA78211C9DAD30008BEFDD /* Release */,
			);
			defaultConfigurationIsVisible = 0;
			defaultConfigurationName = Release;
		};
		E7EA78221C9DAD30008BEFDD /* Build configuration list for PBXNativeTarget "UIImageView2" */ = {
			isa = XCConfigurationList;
			buildConfigurations = (
				E7EA78231C9DAD30008BEFDD /* Debug */,
				E7EA78241C9DAD30008BEFDD /* Release */,
			);
			defaultConfigurationIsVisible = 0;
		};
		E7EA78251C9DAD30008BEFDD /* Build configuration list for PBXNativeTarget "UIImageView2Tests" */ = {
			isa = XCConfigurationList;
			buildConfigurations = (
				E7EA78261C9DAD30008BEFDD /* Debug */,
				E7EA78271C9DAD30008BEFDD /* Release */,
			);
			defaultConfigurationIsVisible = 0;
		};
		E7EA78281C9DAD30008BEFDD /* Build configuration list for PBXNativeTarget "UIImageView2UITests" */ = {
			isa = XCConfigurationList;
			buildConfigurations = (
				E7EA78291C9DAD30008BEFDD /* Debug */,
				E7EA782A1C9DAD30008BEFDD /* Release */,
			);
			defaultConfigurationIsVisible = 0;
		};
/* End XCConfigurationList section */
	};
	rootObject = E7EA77ED1C9DAD30008BEFDD /* Project object */;
}
