// !$*UTF8*$!
{
	archiveVersion = 1;
	classes = {
	};
	objectVersion = 46;
	objects = {

/* Begin PBXBuildFile section */
		E763F4BD1C24DAE100115E8B /* main.m in Sources */ = {isa = PBXBuildFile; fileRef = E763F4BC1C24DAE100115E8B /* main.m */; };
		E763F4C51C24DB1400115E8B /* NSNumber+fk.m in Sources */ = {isa = PBXBuildFile; fileRef = E763F4C41C24DB1400115E8B /* NSNumber+fk.m */; };
/* End PBXBuildFile section */

/* Begin PBXCopyFilesBuildPhase section */
		E763F4B71C24DAE100115E8B /* CopyFiles */ = {
			isa = PBXCopyFilesBuildPhase;
			buildActionMask = 2147483647;
			dstPath = /usr/share/man/man1/;
			dstSubfolderSpec = 0;
			files = (
			);
			runOnlyForDeploymentPostprocessing = 1;
		};
/* End PBXCopyFilesBuildPhase section */

/* Begin PBXFileReference section */
		E763F4B91C24DAE100115E8B /* NSNumberfk */ = {isa = PBXFileReference; explicitFileType = "compiled.mach-o.executable"; includeInIndex = 0; path = NSNumberfk; sourceTree = BUILT_PRODUCTS_DIR; };
		E763F4BC1C24DAE100115E8B /* main.m */ = {isa = PBXFileReference; lastKnownFileType = sourcecode.c.objc; path = main.m; sourceTree = "<group>"; };
		E763F4C31C24DAFE00115E8B /* NSNumber+fk.h */ = {isa = PBXFileReference; lastKnownFileType = sourcecode.c.h; path = "NSNumber+fk.h"; sourceTree = "<group>"; };
		E763F4C41C24DB1400115E8B /* NSNumber+fk.m */ = {isa = PBXFileReference; fileEncoding = 4; lastKnownFileType = sourcecode.c.objc; path = "NSNumber+fk.m"; sourceTree = "<group>"; };
/* End PBXFileReference section */

/* Begin PBXFrameworksBuildPhase section */
		E763F4B61C24DAE100115E8B /* Frameworks */ = {
			isa = PBXFrameworksBuildPhase;
			buildActionMask = 2147483647;
			files = (
			);
			runOnlyForDeploymentPostprocessing = 0;
		};
/* End PBXFrameworksBuildPhase section */

/* Begin PBXGroup section */
		E763F4B01C24DAE100115E8B = {
			isa = PBXGroup;
			children = (
				E763F4BB1C24DAE100115E8B /* NSNumberfk */,
				E763F4BA1C24DAE100115E8B /* Products */,
			);
			sourceTree = "<group>";
		};
		E763F4BA1C24DAE100115E8B /* Products */ = {
			isa = PBXGroup;
			children = (
				E763F4B91C24DAE100115E8B /* NSNumberfk */,
			);
			name = Products;
			sourceTree = "<group>";
		};
		E763F4BB1C24DAE100115E8B /* NSNumberfk */ = {
			isa = PBXGroup;
			children = (
				E763F4BC1C24DAE100115E8B /* main.m */,
				E763F4C31C24DAFE00115E8B /* NSNumber+fk.h */,
				E763F4C41C24DB1400115E8B /* NSNumber+fk.m */,
			);
			path = NSNumberfk;
			sourceTree = "<group>";
		};
/* End PBXGroup section */

/* Begin PBXNativeTarget section */
		E763F4B81C24DAE100115E8B /* NSNumberfk */ = {
			isa = PBXNativeTarget;
			buildConfigurationList = E763F4C01C24DAE100115E8B /* Build configuration list for PBXNativeTarget "NSNumberfk" */;
			buildPhases = (
				E763F4B51C24DAE100115E8B /* Sources */,
				E763F4B61C24DAE100115E8B /* Frameworks */,
				E763F4B71C24DAE100115E8B /* CopyFiles */,
			);
			buildRules = (
			);
			dependencies = (
			);
			name = NSNumberfk;
			productName = NSNumberfk;
			productReference = E763F4B91C24DAE100115E8B /* NSNumberfk */;
			productType = "com.apple.product-type.tool";
		};
/* End PBXNativeTarget section */

/* Begin PBXProject section */
		E763F4B11C24DAE100115E8B /* Project object */ = {
			isa = PBXProject;
			attributes = {
				LastUpgradeCheck = 0710;
				ORGANIZATIONNAME = xgm;
				TargetAttributes = {
					E763F4B81C24DAE100115E8B = {
						CreatedOnToolsVersion = 7.1;
					};
				};
			};
			buildConfigurationList = E763F4B41C24DAE100115E8B /* Build configuration list for PBXProject "NSNumberfk" */;
			compatibilityVersion = "Xcode 3.2";
			developmentRegion = English;
			hasScannedForEncodings = 0;
			knownRegions = (
				en,
			);
			mainGroup = E763F4B01C24DAE100115E8B;
			productRefGroup = E763F4BA1C24DAE100115E8B /* Products */;
			projectDirPath = "";
			projectRoot = "";
			targets = (
				E763F4B81C24DAE100115E8B /* NSNumberfk */,
			);
		};
/* End PBXProject section */

/* Begin PBXSourcesBuildPhase section */
		E763F4B51C24DAE100115E8B /* Sources */ = {
			isa = PBXSourcesBuildPhase;
			buildActionMask = 2147483647;
			files = (
				E763F4C51C24DB1400115E8B /* NSNumber+fk.m in Sources */,
				E763F4BD1C24DAE100115E8B /* main.m in Sources */,
			);
			runOnlyForDeploymentPostprocessing = 0;
		};
/* End PBXSourcesBuildPhase section */

/* Begin XCBuildConfiguration section */
		E763F4BE1C24DAE100115E8B /* Debug */ = {
			isa = XCBuildConfiguration;
			buildSettings = {
				ALWAYS_SEARCH_USER_PATHS = NO;
				CLANG_CXX_LANGUAGE_STANDARD = "gnu++0x";
				CLANG_CXX_LIBRARY = "libc++";
				CLANG_ENABLE_MODULES = YES;
				CLANG_ENABLE_OBJC_ARC = YES;
				CLANG_WARN_BOOL_CONVERSION = YES;
				CLANG_WARN_CONSTANT_CONVERSION = YES;
				CLANG_WARN_DIRECT_OBJC_ISA_USAGE = YES_ERROR;
				CLANG_WARN_EMPTY_BODY = YES;
				CLANG_WARN_ENUM_CONVERSION = YES;
				CLANG_WARN_INT_CONVERSION = YES;
				CLANG_WARN_OBJC_ROOT_CLASS = YES_ERROR;
				CLANG_WARN_UNREACHABLE_CODE = YES;
				CLANG_WARN__DUPLICATE_METHOD_MATCH = YES;
				CODE_SIGN_IDENTITY = "-";
				COPY_PHASE_STRIP = NO;
				DEBUG_INFORMATION_FORMAT = dwarf;
				ENABLE_STRICT_OBJC_MSGSEND = YES;
				ENABLE_TESTABILITY = YES;
				GCC_C_LANGUAGE_STANDARD = gnu99;
				GCC_DYNAMIC_NO_PIC = NO;
				GCC_NO_COMMON_BLOCKS = YES;
				GCC_OPTIMIZATION_LEVEL = 0;
				GCC_PREPROCESSOR_DEFINITIONS = (
					"DEBUG=1",
					"$(inherited)",
				);
				GCC_WARN_64_TO_32_BIT_CONVERSION = YES;
				GCC_WARN_ABOUT_RETURN_TYPE = YES_ERROR;
				GCC_WARN_UNDECLARED_SELECTOR = YES;
				GCC_WARN_UNINITIALIZED_AUTOS = YES_AGGRESSIVE;
				GCC_WARN_UNUSED_FUNCTION = YES;
				GCC_WARN_UNUSED_VARIABLE = YES;
				MACOSX_DEPLOYMENT_TARGET = 10.10;
				MTL_ENABLE_DEBUG_INFO = YES;
				ONLY_ACTIVE_ARCH = YES;
				SDKROOT = macosx;
			};
			name = Debug;
		};
		E763F4BF1C24DAE100115E8B /* Release */ = {
			isa = XCBuildConfiguration;
			buildSettings = {
				ALWAYS_SEARCH_USER_PATHS = NO;
				CLANG_CXX_LANGUAGE_STANDARD = "gnu++0x";
				CLANG_CXX_LIBRARY = "libc++";
				CLANG_ENABLE_MODULES = YES;
				CLANG_ENABLE_OBJC_ARC = YES;
				CLANG_WARN_BOOL_CONVERSION = YES;
				CLANG_WARN_CONSTANT_CONVERSION = YES;
				CLANG_WARN_DIRECT_OBJC_ISA_USAGE = YES_ERROR;
				CLANG_WARN_EMPTY_BODY = YES;
				CLANG_WARN_ENUM_CONVERSION = YES;
				CLANG_WARN_INT_CONVERSION = YES;
				CLANG_WARN_OBJC_ROOT_CLASS = YES_ERROR;
				CLANG_WARN_UNREACHABLE_CODE = YES;
				CLANG_WARN__DUPLICATE_METHOD_MATCH = YES;
				CODE_SIGN_IDENTITY = "-";
				COPY_PHASE_STRIP = NO;
				DEBUG_INFORMATION_FORMAT = "dwarf-with-dsym";
				ENABLE_NS_ASSERTIONS = NO;
				ENABLE_STRICT_OBJC_MSGSEND = YES;
				GCC_C_LANGUAGE_STANDARD = gnu99;
				GCC_NO_COMMON_BLOCKS = YES;
				GCC_WARN_64_TO_32_BIT_CONVERSION = YES;
				GCC_WARN_ABOUT_RETURN_TYPE = YES_ERROR;
				GCC_WARN_UNDECLARED_SELECTOR = YES;
				GCC_WARN_UNINITIALIZED_AUTOS = YES_AGGRESSIVE;
				GCC_WARN_UNUSED_FUNCTION = YES;
				GCC_WARN_UNUSED_VARIABLE = YES;
				MACOSX_DEPLOYMENT_TARGET = 10.10;
				MTL_ENABLE_DEBUG_INFO = NO;
				SDKROOT = macosx;
			};
			name = Release;
		};
		E763F4C11C24DAE100115E8B /* Debug */ = {
			isa = XCBuildConfiguration;
			buildSettings = {
				PRODUCT_NAME = "$(TARGET_NAME)";
			};
			name = Debug;
		};
		E763F4C21C24DAE100115E8B /* Release */ = {
			isa = XCBuildConfiguration;
			buildSettings = {
				PRODUCT_NAME = "$(TARGET_NAME)";
			};
			name = Release;
		};
/* End XCBuildConfiguration section */

/* Begin XCConfigurationList section */
		E763F4B41C24DAE100115E8B /* Build configuration list for PBXProject "NSNumberfk" */ = {
			isa = XCConfigurationList;
			buildConfigurations = (
				E763F4BE1C24DAE100115E8B /* Debug */,
				E763F4BF1C24DAE100115E8B /* Release */,
			);
			defaultConfigurationIsVisible = 0;
			defaultConfigurationName = Release;
		};
		E763F4C01C24DAE100115E8B /* Build configuration list for PBXNativeTarget "NSNumberfk" */ = {
			isa = XCConfigurationList;
			buildConfigurations = (
				E763F4C11C24DAE100115E8B /* Debug */,
				E763F4C21C24DAE100115E8B /* Release */,
			);
			defaultConfigurationIsVisible = 0;
		};
/* End XCConfigurationList section */
	};
	rootObject = E763F4B11C24DAE100115E8B /* Project object */;
}
