// !$*UTF8*$!
{
	archiveVersion = 1;
	classes = {
	};
	objectVersion = 46;
	objects = {

/* Begin PBXBuildFile section */
		E7DAAC781C9C2F730027F8BF /* main.m in Sources */ = {isa = PBXBuildFile; fileRef = E7DAAC771C9C2F730027F8BF /* main.m */; };
		E7DAAC7B1C9C2F730027F8BF /* AppDelegate.m in Sources */ = {isa = PBXBuildFile; fileRef = E7DAAC7A1C9C2F730027F8BF /* AppDelegate.m */; };
		E7DAAC7E1C9C2F730027F8BF /* ViewController.m in Sources */ = {isa = PBXBuildFile; fileRef = E7DAAC7D1C9C2F730027F8BF /* ViewController.m */; };
		E7DAAC811C9C2F730027F8BF /* Main.storyboard in Resources */ = {isa = PBXBuildFile; fileRef = E7DAAC7F1C9C2F730027F8BF /* Main.storyboard */; };
		E7DAAC831C9C2F730027F8BF /* Assets.xcassets in Resources */ = {isa = PBXBuildFile; fileRef = E7DAAC821C9C2F730027F8BF /* Assets.xcassets */; };
		E7DAAC861C9C2F730027F8BF /* LaunchScreen.storyboard in Resources */ = {isa = PBXBuildFile; fileRef = E7DAAC841C9C2F730027F8BF /* LaunchScreen.storyboard */; };
		E7DAAC911C9C2F730027F8BF /* testTests.m in Sources */ = {isa = PBXBuildFile; fileRef = E7DAAC901C9C2F730027F8BF /* testTests.m */; };
		E7DAAC9C1C9C2F730027F8BF /* testUITests.m in Sources */ = {isa = PBXBuildFile; fileRef = E7DAAC9B1C9C2F730027F8BF /* testUITests.m */; };
/* End PBXBuildFile section */

/* Begin PBXContainerItemProxy section */
		E7DAAC8D1C9C2F730027F8BF /* PBXContainerItemProxy */ = {
			isa = PBXContainerItemProxy;
			containerPortal = E7DAAC6B1C9C2F730027F8BF /* Project object */;
			proxyType = 1;
			remoteGlobalIDString = E7DAAC721C9C2F730027F8BF;
			remoteInfo = test;
		};
		E7DAAC981C9C2F730027F8BF /* PBXContainerItemProxy */ = {
			isa = PBXContainerItemProxy;
			containerPortal = E7DAAC6B1C9C2F730027F8BF /* Project object */;
			proxyType = 1;
			remoteGlobalIDString = E7DAAC721C9C2F730027F8BF;
			remoteInfo = test;
		};
/* End PBXContainerItemProxy section */

/* Begin PBXFileReference section */
		E7DAAC731C9C2F730027F8BF /* test.app */ = {isa = PBXFileReference; explicitFileType = wrapper.application; includeInIndex = 0; path = test.app; sourceTree = BUILT_PRODUCTS_DIR; };
		E7DAAC771C9C2F730027F8BF /* main.m */ = {isa = PBXFileReference; lastKnownFileType = sourcecode.c.objc; path = main.m; sourceTree = "<group>"; };
		E7DAAC791C9C2F730027F8BF /* AppDelegate.h */ = {isa = PBXFileReference; lastKnownFileType = sourcecode.c.h; path = AppDelegate.h; sourceTree = "<group>"; };
		E7DAAC7A1C9C2F730027F8BF /* AppDelegate.m */ = {isa = PBXFileReference; lastKnownFileType = sourcecode.c.objc; path = AppDelegate.m; sourceTree = "<group>"; };
		E7DAAC7C1C9C2F730027F8BF /* ViewController.h */ = {isa = PBXFileReference; lastKnownFileType = sourcecode.c.h; path = ViewController.h; sourceTree = "<group>"; };
		E7DAAC7D1C9C2F730027F8BF /* ViewController.m */ = {isa = PBXFileReference; lastKnownFileType = sourcecode.c.objc; path = ViewController.m; sourceTree = "<group>"; };
		E7DAAC801C9C2F730027F8BF /* Base */ = {isa = PBXFileReference; lastKnownFileType = file.storyboard; name = Base; path = Base.lproj/Main.storyboard; sourceTree = "<group>"; };
		E7DAAC821C9C2F730027F8BF /* Assets.xcassets */ = {isa = PBXFileReference; lastKnownFileType = folder.assetcatalog; path = Assets.xcassets; sourceTree = "<group>"; };
		E7DAAC851C9C2F730027F8BF /* Base */ = {isa = PBXFileReference; lastKnownFileType = file.storyboard; name = Base; path = Base.lproj/LaunchScreen.storyboard; sourceTree = "<group>"; };
		E7DAAC871C9C2F730027F8BF /* Info.plist */ = {isa = PBXFileReference; lastKnownFileType = text.plist.xml; path = Info.plist; sourceTree = "<group>"; };
		E7DAAC8C1C9C2F730027F8BF /* testTests.xctest */ = {isa = PBXFileReference; explicitFileType = wrapper.cfbundle; includeInIndex = 0; path = testTests.xctest; sourceTree = BUILT_PRODUCTS_DIR; };
		E7DAAC901C9C2F730027F8BF /* testTests.m */ = {isa = PBXFileReference; lastKnownFileType = sourcecode.c.objc; path = testTests.m; sourceTree = "<group>"; };
		E7DAAC921C9C2F730027F8BF /* Info.plist */ = {isa = PBXFileReference; lastKnownFileType = text.plist.xml; path = Info.plist; sourceTree = "<group>"; };
		E7DAAC971C9C2F730027F8BF /* testUITests.xctest */ = {isa = PBXFileReference; explicitFileType = wrapper.cfbundle; includeInIndex = 0; path = testUITests.xctest; sourceTree = BUILT_PRODUCTS_DIR; };
		E7DAAC9B1C9C2F730027F8BF /* testUITests.m */ = {isa = PBXFileReference; lastKnownFileType = sourcecode.c.objc; path = testUITests.m; sourceTree = "<group>"; };
		E7DAAC9D1C9C2F730027F8BF /* Info.plist */ = {isa = PBXFileReference; lastKnownFileType = text.plist.xml; path = Info.plist; sourceTree = "<group>"; };
/* End PBXFileReference section */

/* Begin PBXFrameworksBuildPhase section */
		E7DAAC701C9C2F730027F8BF /* Frameworks */ = {
			isa = PBXFrameworksBuildPhase;
			buildActionMask = 2147483647;
			files = (
			);
			runOnlyForDeploymentPostprocessing = 0;
		};
		E7DAAC891C9C2F730027F8BF /* Frameworks */ = {
			isa = PBXFrameworksBuildPhase;
			buildActionMask = 2147483647;
			files = (
			);
			runOnlyForDeploymentPostprocessing = 0;
		};
		E7DAAC941C9C2F730027F8BF /* Frameworks */ = {
			isa = PBXFrameworksBuildPhase;
			buildActionMask = 2147483647;
			files = (
			);
			runOnlyForDeploymentPostprocessing = 0;
		};
/* End PBXFrameworksBuildPhase section */

/* Begin PBXGroup section */
		E7DAAC6A1C9C2F730027F8BF = {
			isa = PBXGroup;
			children = (
				E7DAAC751C9C2F730027F8BF /* test */,
				E7DAAC8F1C9C2F730027F8BF /* testTests */,
				E7DAAC9A1C9C2F730027F8BF /* testUITests */,
				E7DAAC741C9C2F730027F8BF /* Products */,
			);
			sourceTree = "<group>";
		};
		E7DAAC741C9C2F730027F8BF /* Products */ = {
			isa = PBXGroup;
			children = (
				E7DAAC731C9C2F730027F8BF /* test.app */,
				E7DAAC8C1C9C2F730027F8BF /* testTests.xctest */,
				E7DAAC971C9C2F730027F8BF /* testUITests.xctest */,
			);
			name = Products;
			sourceTree = "<group>";
		};
		E7DAAC751C9C2F730027F8BF /* test */ = {
			isa = PBXGroup;
			children = (
				E7DAAC791C9C2F730027F8BF /* AppDelegate.h */,
				E7DAAC7A1C9C2F730027F8BF /* AppDelegate.m */,
				E7DAAC7C1C9C2F730027F8BF /* ViewController.h */,
				E7DAAC7D1C9C2F730027F8BF /* ViewController.m */,
				E7DAAC7F1C9C2F730027F8BF /* Main.storyboard */,
				E7DAAC821C9C2F730027F8BF /* Assets.xcassets */,
				E7DAAC841C9C2F730027F8BF /* LaunchScreen.storyboard */,
				E7DAAC871C9C2F730027F8BF /* Info.plist */,
				E7DAAC761C9C2F730027F8BF /* Supporting Files */,
			);
			path = test;
			sourceTree = "<group>";
		};
		E7DAAC761C9C2F730027F8BF /* Supporting Files */ = {
			isa = PBXGroup;
			children = (
				E7DAAC771C9C2F730027F8BF /* main.m */,
			);
			name = "Supporting Files";
			sourceTree = "<group>";
		};
		E7DAAC8F1C9C2F730027F8BF /* testTests */ = {
			isa = PBXGroup;
			children = (
				E7DAAC901C9C2F730027F8BF /* testTests.m */,
				E7DAAC921C9C2F730027F8BF /* Info.plist */,
			);
			path = testTests;
			sourceTree = "<group>";
		};
		E7DAAC9A1C9C2F730027F8BF /* testUITests */ = {
			isa = PBXGroup;
			children = (
				E7DAAC9B1C9C2F730027F8BF /* testUITests.m */,
				E7DAAC9D1C9C2F730027F8BF /* Info.plist */,
			);
			path = testUITests;
			sourceTree = "<group>";
		};
/* End PBXGroup section */

/* Begin PBXNativeTarget section */
		E7DAAC721C9C2F730027F8BF /* test */ = {
			isa = PBXNativeTarget;
			buildConfigurationList = E7DAACA01C9C2F730027F8BF /* Build configuration list for PBXNativeTarget "test" */;
			buildPhases = (
				E7DAAC6F1C9C2F730027F8BF /* Sources */,
				E7DAAC701C9C2F730027F8BF /* Frameworks */,
				E7DAAC711C9C2F730027F8BF /* Resources */,
			);
			buildRules = (
			);
			dependencies = (
			);
			name = test;
			productName = test;
			productReference = E7DAAC731C9C2F730027F8BF /* test.app */;
			productType = "com.apple.product-type.application";
		};
		E7DAAC8B1C9C2F730027F8BF /* testTests */ = {
			isa = PBXNativeTarget;
			buildConfigurationList = E7DAACA31C9C2F730027F8BF /* Build configuration list for PBXNativeTarget "testTests" */;
			buildPhases = (
				E7DAAC881C9C2F730027F8BF /* Sources */,
				E7DAAC891C9C2F730027F8BF /* Frameworks */,
				E7DAAC8A1C9C2F730027F8BF /* Resources */,
			);
			buildRules = (
			);
			dependencies = (
				E7DAAC8E1C9C2F730027F8BF /* PBXTargetDependency */,
			);
			name = testTests;
			productName = testTests;
			productReference = E7DAAC8C1C9C2F730027F8BF /* testTests.xctest */;
			productType = "com.apple.product-type.bundle.unit-test";
		};
		E7DAAC961C9C2F730027F8BF /* testUITests */ = {
			isa = PBXNativeTarget;
			buildConfigurationList = E7DAACA61C9C2F730027F8BF /* Build configuration list for PBXNativeTarget "testUITests" */;
			buildPhases = (
				E7DAAC931C9C2F730027F8BF /* Sources */,
				E7DAAC941C9C2F730027F8BF /* Frameworks */,
				E7DAAC951C9C2F730027F8BF /* Resources */,
			);
			buildRules = (
			);
			dependencies = (
				E7DAAC991C9C2F730027F8BF /* PBXTargetDependency */,
			);
			name = testUITests;
			productName = testUITests;
			productReference = E7DAAC971C9C2F730027F8BF /* testUITests.xctest */;
			productType = "com.apple.product-type.bundle.ui-testing";
		};
/* End PBXNativeTarget section */

/* Begin PBXProject section */
		E7DAAC6B1C9C2F730027F8BF /* Project object */ = {
			isa = PBXProject;
			attributes = {
				LastUpgradeCheck = 0710;
				ORGANIZATIONNAME = xgm;
				TargetAttributes = {
					E7DAAC721C9C2F730027F8BF = {
						CreatedOnToolsVersion = 7.1;
					};
					E7DAAC8B1C9C2F730027F8BF = {
						CreatedOnToolsVersion = 7.1;
						TestTargetID = E7DAAC721C9C2F730027F8BF;
					};
					E7DAAC961C9C2F730027F8BF = {
						CreatedOnToolsVersion = 7.1;
						TestTargetID = E7DAAC721C9C2F730027F8BF;
					};
				};
			};
			buildConfigurationList = E7DAAC6E1C9C2F730027F8BF /* Build configuration list for PBXProject "test" */;
			compatibilityVersion = "Xcode 3.2";
			developmentRegion = English;
			hasScannedForEncodings = 0;
			knownRegions = (
				en,
				Base,
			);
			mainGroup = E7DAAC6A1C9C2F730027F8BF;
			productRefGroup = E7DAAC741C9C2F730027F8BF /* Products */;
			projectDirPath = "";
			projectRoot = "";
			targets = (
				E7DAAC721C9C2F730027F8BF /* test */,
				E7DAAC8B1C9C2F730027F8BF /* testTests */,
				E7DAAC961C9C2F730027F8BF /* testUITests */,
			);
		};
/* End PBXProject section */

/* Begin PBXResourcesBuildPhase section */
		E7DAAC711C9C2F730027F8BF /* Resources */ = {
			isa = PBXResourcesBuildPhase;
			buildActionMask = 2147483647;
			files = (
				E7DAAC861C9C2F730027F8BF /* LaunchScreen.storyboard in Resources */,
				E7DAAC831C9C2F730027F8BF /* Assets.xcassets in Resources */,
				E7DAAC811C9C2F730027F8BF /* Main.storyboard in Resources */,
			);
			runOnlyForDeploymentPostprocessing = 0;
		};
		E7DAAC8A1C9C2F730027F8BF /* Resources */ = {
			isa = PBXResourcesBuildPhase;
			buildActionMask = 2147483647;
			files = (
			);
			runOnlyForDeploymentPostprocessing = 0;
		};
		E7DAAC951C9C2F730027F8BF /* Resources */ = {
			isa = PBXResourcesBuildPhase;
			buildActionMask = 2147483647;
			files = (
			);
			runOnlyForDeploymentPostprocessing = 0;
		};
/* End PBXResourcesBuildPhase section */

/* Begin PBXSourcesBuildPhase section */
		E7DAAC6F1C9C2F730027F8BF /* Sources */ = {
			isa = PBXSourcesBuildPhase;
			buildActionMask = 2147483647;
			files = (
				E7DAAC7E1C9C2F730027F8BF /* ViewController.m in Sources */,
				E7DAAC7B1C9C2F730027F8BF /* AppDelegate.m in Sources */,
				E7DAAC781C9C2F730027F8BF /* main.m in Sources */,
			);
			runOnlyForDeploymentPostprocessing = 0;
		};
		E7DAAC881C9C2F730027F8BF /* Sources */ = {
			isa = PBXSourcesBuildPhase;
			buildActionMask = 2147483647;
			files = (
				E7DAAC911C9C2F730027F8BF /* testTests.m in Sources */,
			);
			runOnlyForDeploymentPostprocessing = 0;
		};
		E7DAAC931C9C2F730027F8BF /* Sources */ = {
			isa = PBXSourcesBuildPhase;
			buildActionMask = 2147483647;
			files = (
				E7DAAC9C1C9C2F730027F8BF /* testUITests.m in Sources */,
			);
			runOnlyForDeploymentPostprocessing = 0;
		};
/* End PBXSourcesBuildPhase section */

/* Begin PBXTargetDependency section */
		E7DAAC8E1C9C2F730027F8BF /* PBXTargetDependency */ = {
			isa = PBXTargetDependency;
			target = E7DAAC721C9C2F730027F8BF /* test */;
			targetProxy = E7DAAC8D1C9C2F730027F8BF /* PBXContainerItemProxy */;
		};
		E7DAAC991C9C2F730027F8BF /* PBXTargetDependency */ = {
			isa = PBXTargetDependency;
			target = E7DAAC721C9C2F730027F8BF /* test */;
			targetProxy = E7DAAC981C9C2F730027F8BF /* PBXContainerItemProxy */;
		};
/* End PBXTargetDependency section */

/* Begin PBXVariantGroup section */
		E7DAAC7F1C9C2F730027F8BF /* Main.storyboard */ = {
			isa = PBXVariantGroup;
			children = (
				E7DAAC801C9C2F730027F8BF /* Base */,
			);
			name = Main.storyboard;
			sourceTree = "<group>";
		};
		E7DAAC841C9C2F730027F8BF /* LaunchScreen.storyboard */ = {
			isa = PBXVariantGroup;
			children = (
				E7DAAC851C9C2F730027F8BF /* Base */,
			);
			name = LaunchScreen.storyboard;
			sourceTree = "<group>";
		};
/* End PBXVariantGroup section */

/* Begin XCBuildConfiguration section */
		E7DAAC9E1C9C2F730027F8BF /* Debug */ = {
			isa = XCBuildConfiguration;
			buildSettings = {
				ALWAYS_SEARCH_USER_PATHS = NO;
				CLANG_CXX_LANGUAGE_STANDARD = "gnu++0x";
				CLANG_CXX_LIBRARY = "libc++";
				CLANG_ENABLE_MODULES = YES;
				CLANG_ENABLE_OBJC_ARC = YES;
				CLANG_WARN_BOOL_CONVERSION = YES;
				CLANG_WARN_CONSTANT_CONVERSION = YES;
				CLANG_WARN_DIRECT_OBJC_ISA_USAGE = YES_ERROR;
				CLANG_WARN_EMPTY_BODY = YES;
				CLANG_WARN_ENUM_CONVERSION = YES;
				CLANG_WARN_INT_CONVERSION = YES;
				CLANG_WARN_OBJC_ROOT_CLASS = YES_ERROR;
				CLANG_WARN_UNREACHABLE_CODE = YES;
				CLANG_WARN__DUPLICATE_METHOD_MATCH = YES;
				"CODE_SIGN_IDENTITY[sdk=iphoneos*]" = "iPhone Developer";
				COPY_PHASE_STRIP = NO;
				DEBUG_INFORMATION_FORMAT = dwarf;
				ENABLE_STRICT_OBJC_MSGSEND = YES;
				ENABLE_TESTABILITY = YES;
				GCC_C_LANGUAGE_STANDARD = gnu99;
				GCC_DYNAMIC_NO_PIC = NO;
				GCC_NO_COMMON_BLOCKS = YES;
				GCC_OPTIMIZATION_LEVEL = 0;
				GCC_PREPROCESSOR_DEFINITIONS = (
					"DEBUG=1",
					"$(inherited)",
				);
				GCC_WARN_64_TO_32_BIT_CONVERSION = YES;
				GCC_WARN_ABOUT_RETURN_TYPE = YES_ERROR;
				GCC_WARN_UNDECLARED_SELECTOR = YES;
				GCC_WARN_UNINITIALIZED_AUTOS = YES_AGGRESSIVE;
				GCC_WARN_UNUSED_FUNCTION = YES;
				GCC_WARN_UNUSED_VARIABLE = YES;
				IPHONEOS_DEPLOYMENT_TARGET = 9.1;
				MTL_ENABLE_DEBUG_INFO = YES;
				ONLY_ACTIVE_ARCH = YES;
				SDKROOT = iphoneos;
			};
			name = Debug;
		};
		E7DAAC9F1C9C2F730027F8BF /* Release */ = {
			isa = XCBuildConfiguration;
			buildSettings = {
				ALWAYS_SEARCH_USER_PATHS = NO;
				CLANG_CXX_LANGUAGE_STANDARD = "gnu++0x";
				CLANG_CXX_LIBRARY = "libc++";
				CLANG_ENABLE_MODULES = YES;
				CLANG_ENABLE_OBJC_ARC = YES;
				CLANG_WARN_BOOL_CONVERSION = YES;
				CLANG_WARN_CONSTANT_CONVERSION = YES;
				CLANG_WARN_DIRECT_OBJC_ISA_USAGE = YES_ERROR;
				CLANG_WARN_EMPTY_BODY = YES;
				CLANG_WARN_ENUM_CONVERSION = YES;
				CLANG_WARN_INT_CONVERSION = YES;
				CLANG_WARN_OBJC_ROOT_CLASS = YES_ERROR;
				CLANG_WARN_UNREACHABLE_CODE = YES;
				CLANG_WARN__DUPLICATE_METHOD_MATCH = YES;
				"CODE_SIGN_IDENTITY[sdk=iphoneos*]" = "iPhone Developer";
				COPY_PHASE_STRIP = NO;
				DEBUG_INFORMATION_FORMAT = "dwarf-with-dsym";
				ENABLE_NS_ASSERTIONS = NO;
				ENABLE_STRICT_OBJC_MSGSEND = YES;
				GCC_C_LANGUAGE_STANDARD = gnu99;
				GCC_NO_COMMON_BLOCKS = YES;
				GCC_WARN_64_TO_32_BIT_CONVERSION = YES;
				GCC_WARN_ABOUT_RETURN_TYPE = YES_ERROR;
				GCC_WARN_UNDECLARED_SELECTOR = YES;
				GCC_WARN_UNINITIALIZED_AUTOS = YES_AGGRESSIVE;
				GCC_WARN_UNUSED_FUNCTION = YES;
				GCC_WARN_UNUSED_VARIABLE = YES;
				IPHONEOS_DEPLOYMENT_TARGET = 9.1;
				MTL_ENABLE_DEBUG_INFO = NO;
				SDKROOT = iphoneos;
				VALIDATE_PRODUCT = YES;
			};
			name = Release;
		};
		E7DAACA11C9C2F730027F8BF /* Debug */ = {
			isa = XCBuildConfiguration;
			buildSettings = {
				ASSETCATALOG_COMPILER_APPICON_NAME = AppIcon;
				INFOPLIST_FILE = test/Info.plist;
				LD_RUNPATH_SEARCH_PATHS = "$(inherited) @executable_path/Frameworks";
				PRODUCT_BUNDLE_IDENTIFIER = FK.test;
				PRODUCT_NAME = "$(TARGET_NAME)";
			};
			name = Debug;
		};
		E7DAACA21C9C2F730027F8BF /* Release */ = {
			isa = XCBuildConfiguration;
			buildSettings = {
				ASSETCATALOG_COMPILER_APPICON_NAME = AppIcon;
				INFOPLIST_FILE = test/Info.plist;
				LD_RUNPATH_SEARCH_PATHS = "$(inherited) @executable_path/Frameworks";
				PRODUCT_BUNDLE_IDENTIFIER = FK.test;
				PRODUCT_NAME = "$(TARGET_NAME)";
			};
			name = Release;
		};
		E7DAACA41C9C2F730027F8BF /* Debug */ = {
			isa = XCBuildConfiguration;
			buildSettings = {
				BUNDLE_LOADER = "$(TEST_HOST)";
				INFOPLIST_FILE = testTests/Info.plist;
				LD_RUNPATH_SEARCH_PATHS = "$(inherited) @executable_path/Frameworks @loader_path/Frameworks";
				PRODUCT_BUNDLE_IDENTIFIER = FK.testTests;
				PRODUCT_NAME = "$(TARGET_NAME)";
				TEST_HOST = "$(BUILT_PRODUCTS_DIR)/test.app/test";
			};
			name = Debug;
		};
		E7DAACA51C9C2F730027F8BF /* Release */ = {
			isa = XCBuildConfiguration;
			buildSettings = {
				BUNDLE_LOADER = "$(TEST_HOST)";
				INFOPLIST_FILE = testTests/Info.plist;
				LD_RUNPATH_SEARCH_PATHS = "$(inherited) @executable_path/Frameworks @loader_path/Frameworks";
				PRODUCT_BUNDLE_IDENTIFIER = FK.testTests;
				PRODUCT_NAME = "$(TARGET_NAME)";
				TEST_HOST = "$(BUILT_PRODUCTS_DIR)/test.app/test";
			};
			name = Release;
		};
		E7DAACA71C9C2F730027F8BF /* Debug */ = {
			isa = XCBuildConfiguration;
			buildSettings = {
				INFOPLIST_FILE = testUITests/Info.plist;
				LD_RUNPATH_SEARCH_PATHS = "$(inherited) @executable_path/Frameworks @loader_path/Frameworks";
				PRODUCT_BUNDLE_IDENTIFIER = FK.testUITests;
				PRODUCT_NAME = "$(TARGET_NAME)";
				TEST_TARGET_NAME = test;
				USES_XCTRUNNER = YES;
			};
			name = Debug;
		};
		E7DAACA81C9C2F730027F8BF /* Release */ = {
			isa = XCBuildConfiguration;
			buildSettings = {
				INFOPLIST_FILE = testUITests/Info.plist;
				LD_RUNPATH_SEARCH_PATHS = "$(inherited) @executable_path/Frameworks @loader_path/Frameworks";
				PRODUCT_BUNDLE_IDENTIFIER = FK.testUITests;
				PRODUCT_NAME = "$(TARGET_NAME)";
				TEST_TARGET_NAME = test;
				USES_XCTRUNNER = YES;
			};
			name = Release;
		};
/* End XCBuildConfiguration section */

/* Begin XCConfigurationList section */
		E7DAAC6E1C9C2F730027F8BF /* Build configuration list for PBXProject "test" */ = {
			isa = XCConfigurationList;
			buildConfigurations = (
				E7DAAC9E1C9C2F730027F8BF /* Debug */,
				E7DAAC9F1C9C2F730027F8BF /* Release */,
			);
			defaultConfigurationIsVisible = 0;
			defaultConfigurationName = Release;
		};
		E7DAACA01C9C2F730027F8BF /* Build configuration list for PBXNativeTarget "test" */ = {
			isa = XCConfigurationList;
			buildConfigurations = (
				E7DAACA11C9C2F730027F8BF /* Debug */,
				E7DAACA21C9C2F730027F8BF /* Release */,
			);
			defaultConfigurationIsVisible = 0;
		};
		E7DAACA31C9C2F730027F8BF /* Build configuration list for PBXNativeTarget "testTests" */ = {
			isa = XCConfigurationList;
			buildConfigurations = (
				E7DAACA41C9C2F730027F8BF /* Debug */,
				E7DAACA51C9C2F730027F8BF /* Release */,
			);
			defaultConfigurationIsVisible = 0;
		};
		E7DAACA61C9C2F730027F8BF /* Build configuration list for PBXNativeTarget "testUITests" */ = {
			isa = XCConfigurationList;
			buildConfigurations = (
				E7DAACA71C9C2F730027F8BF /* Debug */,
				E7DAACA81C9C2F730027F8BF /* Release */,
			);
			defaultConfigurationIsVisible = 0;
		};
/* End XCConfigurationList section */
	};
	rootObject = E7DAAC6B1C9C2F730027F8BF /* Project object */;
}
