// !$*UTF8*$!
{
	archiveVersion = 1;
	classes = {
	};
	objectVersion = 46;
	objects = {

/* Begin PBXBuildFile section */
		E7EA776D1C9D794A008BEFDD /* main.m in Sources */ = {isa = PBXBuildFile; fileRef = E7EA776C1C9D794A008BEFDD /* main.m */; };
		E7EA77701C9D794A008BEFDD /* AppDelegate.m in Sources */ = {isa = PBXBuildFile; fileRef = E7EA776F1C9D794A008BEFDD /* AppDelegate.m */; };
		E7EA77731C9D794A008BEFDD /* ViewController.m in Sources */ = {isa = PBXBuildFile; fileRef = E7EA77721C9D794A008BEFDD /* ViewController.m */; };
		E7EA77761C9D794A008BEFDD /* Main.storyboard in Resources */ = {isa = PBXBuildFile; fileRef = E7EA77741C9D794A008BEFDD /* Main.storyboard */; };
		E7EA77781C9D794A008BEFDD /* Assets.xcassets in Resources */ = {isa = PBXBuildFile; fileRef = E7EA77771C9D794A008BEFDD /* Assets.xcassets */; };
		E7EA777B1C9D794A008BEFDD /* LaunchScreen.storyboard in Resources */ = {isa = PBXBuildFile; fileRef = E7EA77791C9D794A008BEFDD /* LaunchScreen.storyboard */; };
		E7EA77861C9D794A008BEFDD /* UISegmentControlTests.m in Sources */ = {isa = PBXBuildFile; fileRef = E7EA77851C9D794A008BEFDD /* UISegmentControlTests.m */; };
		E7EA77911C9D794A008BEFDD /* UISegmentControlUITests.m in Sources */ = {isa = PBXBuildFile; fileRef = E7EA77901C9D794A008BEFDD /* UISegmentControlUITests.m */; };
/* End PBXBuildFile section */

/* Begin PBXContainerItemProxy section */
		E7EA77821C9D794A008BEFDD /* PBXContainerItemProxy */ = {
			isa = PBXContainerItemProxy;
			containerPortal = E7EA77601C9D794A008BEFDD /* Project object */;
			proxyType = 1;
			remoteGlobalIDString = E7EA77671C9D794A008BEFDD;
			remoteInfo = UISegmentControl;
		};
		E7EA778D1C9D794A008BEFDD /* PBXContainerItemProxy */ = {
			isa = PBXContainerItemProxy;
			containerPortal = E7EA77601C9D794A008BEFDD /* Project object */;
			proxyType = 1;
			remoteGlobalIDString = E7EA77671C9D794A008BEFDD;
			remoteInfo = UISegmentControl;
		};
/* End PBXContainerItemProxy section */

/* Begin PBXFileReference section */
		E7EA77681C9D794A008BEFDD /* UISegmentControl.app */ = {isa = PBXFileReference; explicitFileType = wrapper.application; includeInIndex = 0; path = UISegmentControl.app; sourceTree = BUILT_PRODUCTS_DIR; };
		E7EA776C1C9D794A008BEFDD /* main.m */ = {isa = PBXFileReference; lastKnownFileType = sourcecode.c.objc; path = main.m; sourceTree = "<group>"; };
		E7EA776E1C9D794A008BEFDD /* AppDelegate.h */ = {isa = PBXFileReference; lastKnownFileType = sourcecode.c.h; path = AppDelegate.h; sourceTree = "<group>"; };
		E7EA776F1C9D794A008BEFDD /* AppDelegate.m */ = {isa = PBXFileReference; lastKnownFileType = sourcecode.c.objc; path = AppDelegate.m; sourceTree = "<group>"; };
		E7EA77711C9D794A008BEFDD /* ViewController.h */ = {isa = PBXFileReference; lastKnownFileType = sourcecode.c.h; path = ViewController.h; sourceTree = "<group>"; };
		E7EA77721C9D794A008BEFDD /* ViewController.m */ = {isa = PBXFileReference; lastKnownFileType = sourcecode.c.objc; path = ViewController.m; sourceTree = "<group>"; };
		E7EA77751C9D794A008BEFDD /* Base */ = {isa = PBXFileReference; lastKnownFileType = file.storyboard; name = Base; path = Base.lproj/Main.storyboard; sourceTree = "<group>"; };
		E7EA77771C9D794A008BEFDD /* Assets.xcassets */ = {isa = PBXFileReference; lastKnownFileType = folder.assetcatalog; path = Assets.xcassets; sourceTree = "<group>"; };
		E7EA777A1C9D794A008BEFDD /* Base */ = {isa = PBXFileReference; lastKnownFileType = file.storyboard; name = Base; path = Base.lproj/LaunchScreen.storyboard; sourceTree = "<group>"; };
		E7EA777C1C9D794A008BEFDD /* Info.plist */ = {isa = PBXFileReference; lastKnownFileType = text.plist.xml; path = Info.plist; sourceTree = "<group>"; };
		E7EA77811C9D794A008BEFDD /* UISegmentControlTests.xctest */ = {isa = PBXFileReference; explicitFileType = wrapper.cfbundle; includeInIndex = 0; path = UISegmentControlTests.xctest; sourceTree = BUILT_PRODUCTS_DIR; };
		E7EA77851C9D794A008BEFDD /* UISegmentControlTests.m */ = {isa = PBXFileReference; lastKnownFileType = sourcecode.c.objc; path = UISegmentControlTests.m; sourceTree = "<group>"; };
		E7EA77871C9D794A008BEFDD /* Info.plist */ = {isa = PBXFileReference; lastKnownFileType = text.plist.xml; path = Info.plist; sourceTree = "<group>"; };
		E7EA778C1C9D794A008BEFDD /* UISegmentControlUITests.xctest */ = {isa = PBXFileReference; explicitFileType = wrapper.cfbundle; includeInIndex = 0; path = UISegmentControlUITests.xctest; sourceTree = BUILT_PRODUCTS_DIR; };
		E7EA77901C9D794A008BEFDD /* UISegmentControlUITests.m */ = {isa = PBXFileReference; lastKnownFileType = sourcecode.c.objc; path = UISegmentControlUITests.m; sourceTree = "<group>"; };
		E7EA77921C9D794A008BEFDD /* Info.plist */ = {isa = PBXFileReference; lastKnownFileType = text.plist.xml; path = Info.plist; sourceTree = "<group>"; };
/* End PBXFileReference section */

/* Begin PBXFrameworksBuildPhase section */
		E7EA77651C9D794A008BEFDD /* Frameworks */ = {
			isa = PBXFrameworksBuildPhase;
			buildActionMask = 2147483647;
			files = (
			);
			runOnlyForDeploymentPostprocessing = 0;
		};
		E7EA777E1C9D794A008BEFDD /* Frameworks */ = {
			isa = PBXFrameworksBuildPhase;
			buildActionMask = 2147483647;
			files = (
			);
			runOnlyForDeploymentPostprocessing = 0;
		};
		E7EA77891C9D794A008BEFDD /* Frameworks */ = {
			isa = PBXFrameworksBuildPhase;
			buildActionMask = 2147483647;
			files = (
			);
			runOnlyForDeploymentPostprocessing = 0;
		};
/* End PBXFrameworksBuildPhase section */

/* Begin PBXGroup section */
		E7EA775F1C9D794A008BEFDD = {
			isa = PBXGroup;
			children = (
				E7EA776A1C9D794A008BEFDD /* UISegmentControl */,
				E7EA77841C9D794A008BEFDD /* UISegmentControlTests */,
				E7EA778F1C9D794A008BEFDD /* UISegmentControlUITests */,
				E7EA77691C9D794A008BEFDD /* Products */,
			);
			sourceTree = "<group>";
		};
		E7EA77691C9D794A008BEFDD /* Products */ = {
			isa = PBXGroup;
			children = (
				E7EA77681C9D794A008BEFDD /* UISegmentControl.app */,
				E7EA77811C9D794A008BEFDD /* UISegmentControlTests.xctest */,
				E7EA778C1C9D794A008BEFDD /* UISegmentControlUITests.xctest */,
			);
			name = Products;
			sourceTree = "<group>";
		};
		E7EA776A1C9D794A008BEFDD /* UISegmentControl */ = {
			isa = PBXGroup;
			children = (
				E7EA776E1C9D794A008BEFDD /* AppDelegate.h */,
				E7EA776F1C9D794A008BEFDD /* AppDelegate.m */,
				E7EA77711C9D794A008BEFDD /* ViewController.h */,
				E7EA77721C9D794A008BEFDD /* ViewController.m */,
				E7EA77741C9D794A008BEFDD /* Main.storyboard */,
				E7EA77771C9D794A008BEFDD /* Assets.xcassets */,
				E7EA77791C9D794A008BEFDD /* LaunchScreen.storyboard */,
				E7EA777C1C9D794A008BEFDD /* Info.plist */,
				E7EA776B1C9D794A008BEFDD /* Supporting Files */,
			);
			path = UISegmentControl;
			sourceTree = "<group>";
		};
		E7EA776B1C9D794A008BEFDD /* Supporting Files */ = {
			isa = PBXGroup;
			children = (
				E7EA776C1C9D794A008BEFDD /* main.m */,
			);
			name = "Supporting Files";
			sourceTree = "<group>";
		};
		E7EA77841C9D794A008BEFDD /* UISegmentControlTests */ = {
			isa = PBXGroup;
			children = (
				E7EA77851C9D794A008BEFDD /* UISegmentControlTests.m */,
				E7EA77871C9D794A008BEFDD /* Info.plist */,
			);
			path = UISegmentControlTests;
			sourceTree = "<group>";
		};
		E7EA778F1C9D794A008BEFDD /* UISegmentControlUITests */ = {
			isa = PBXGroup;
			children = (
				E7EA77901C9D794A008BEFDD /* UISegmentControlUITests.m */,
				E7EA77921C9D794A008BEFDD /* Info.plist */,
			);
			path = UISegmentControlUITests;
			sourceTree = "<group>";
		};
/* End PBXGroup section */

/* Begin PBXNativeTarget section */
		E7EA77671C9D794A008BEFDD /* UISegmentControl */ = {
			isa = PBXNativeTarget;
			buildConfigurationList = E7EA77951C9D794A008BEFDD /* Build configuration list for PBXNativeTarget "UISegmentControl" */;
			buildPhases = (
				E7EA77641C9D794A008BEFDD /* Sources */,
				E7EA77651C9D794A008BEFDD /* Frameworks */,
				E7EA77661C9D794A008BEFDD /* Resources */,
			);
			buildRules = (
			);
			dependencies = (
			);
			name = UISegmentControl;
			productName = UISegmentControl;
			productReference = E7EA77681C9D794A008BEFDD /* UISegmentControl.app */;
			productType = "com.apple.product-type.application";
		};
		E7EA77801C9D794A008BEFDD /* UISegmentControlTests */ = {
			isa = PBXNativeTarget;
			buildConfigurationList = E7EA77981C9D794A008BEFDD /* Build configuration list for PBXNativeTarget "UISegmentControlTests" */;
			buildPhases = (
				E7EA777D1C9D794A008BEFDD /* Sources */,
				E7EA777E1C9D794A008BEFDD /* Frameworks */,
				E7EA777F1C9D794A008BEFDD /* Resources */,
			);
			buildRules = (
			);
			dependencies = (
				E7EA77831C9D794A008BEFDD /* PBXTargetDependency */,
			);
			name = UISegmentControlTests;
			productName = UISegmentControlTests;
			productReference = E7EA77811C9D794A008BEFDD /* UISegmentControlTests.xctest */;
			productType = "com.apple.product-type.bundle.unit-test";
		};
		E7EA778B1C9D794A008BEFDD /* UISegmentControlUITests */ = {
			isa = PBXNativeTarget;
			buildConfigurationList = E7EA779B1C9D794A008BEFDD /* Build configuration list for PBXNativeTarget "UISegmentControlUITests" */;
			buildPhases = (
				E7EA77881C9D794A008BEFDD /* Sources */,
				E7EA77891C9D794A008BEFDD /* Frameworks */,
				E7EA778A1C9D794A008BEFDD /* Resources */,
			);
			buildRules = (
			);
			dependencies = (
				E7EA778E1C9D794A008BEFDD /* PBXTargetDependency */,
			);
			name = UISegmentControlUITests;
			productName = UISegmentControlUITests;
			productReference = E7EA778C1C9D794A008BEFDD /* UISegmentControlUITests.xctest */;
			productType = "com.apple.product-type.bundle.ui-testing";
		};
/* End PBXNativeTarget section */

/* Begin PBXProject section */
		E7EA77601C9D794A008BEFDD /* Project object */ = {
			isa = PBXProject;
			attributes = {
				LastUpgradeCheck = 0710;
				ORGANIZATIONNAME = xgm;
				TargetAttributes = {
					E7EA77671C9D794A008BEFDD = {
						CreatedOnToolsVersion = 7.1;
					};
					E7EA77801C9D794A008BEFDD = {
						CreatedOnToolsVersion = 7.1;
						TestTargetID = E7EA77671C9D794A008BEFDD;
					};
					E7EA778B1C9D794A008BEFDD = {
						CreatedOnToolsVersion = 7.1;
						TestTargetID = E7EA77671C9D794A008BEFDD;
					};
				};
			};
			buildConfigurationList = E7EA77631C9D794A008BEFDD /* Build configuration list for PBXProject "UISegmentControl" */;
			compatibilityVersion = "Xcode 3.2";
			developmentRegion = English;
			hasScannedForEncodings = 0;
			knownRegions = (
				en,
				Base,
			);
			mainGroup = E7EA775F1C9D794A008BEFDD;
			productRefGroup = E7EA77691C9D794A008BEFDD /* Products */;
			projectDirPath = "";
			projectRoot = "";
			targets = (
				E7EA77671C9D794A008BEFDD /* UISegmentControl */,
				E7EA77801C9D794A008BEFDD /* UISegmentControlTests */,
				E7EA778B1C9D794A008BEFDD /* UISegmentControlUITests */,
			);
		};
/* End PBXProject section */

/* Begin PBXResourcesBuildPhase section */
		E7EA77661C9D794A008BEFDD /* Resources */ = {
			isa = PBXResourcesBuildPhase;
			buildActionMask = 2147483647;
			files = (
				E7EA777B1C9D794A008BEFDD /* LaunchScreen.storyboard in Resources */,
				E7EA77781C9D794A008BEFDD /* Assets.xcassets in Resources */,
				E7EA77761C9D794A008BEFDD /* Main.storyboard in Resources */,
			);
			runOnlyForDeploymentPostprocessing = 0;
		};
		E7EA777F1C9D794A008BEFDD /* Resources */ = {
			isa = PBXResourcesBuildPhase;
			buildActionMask = 2147483647;
			files = (
			);
			runOnlyForDeploymentPostprocessing = 0;
		};
		E7EA778A1C9D794A008BEFDD /* Resources */ = {
			isa = PBXResourcesBuildPhase;
			buildActionMask = 2147483647;
			files = (
			);
			runOnlyForDeploymentPostprocessing = 0;
		};
/* End PBXResourcesBuildPhase section */

/* Begin PBXSourcesBuildPhase section */
		E7EA77641C9D794A008BEFDD /* Sources */ = {
			isa = PBXSourcesBuildPhase;
			buildActionMask = 2147483647;
			files = (
				E7EA77731C9D794A008BEFDD /* ViewController.m in Sources */,
				E7EA77701C9D794A008BEFDD /* AppDelegate.m in Sources */,
				E7EA776D1C9D794A008BEFDD /* main.m in Sources */,
			);
			runOnlyForDeploymentPostprocessing = 0;
		};
		E7EA777D1C9D794A008BEFDD /* Sources */ = {
			isa = PBXSourcesBuildPhase;
			buildActionMask = 2147483647;
			files = (
				E7EA77861C9D794A008BEFDD /* UISegmentControlTests.m in Sources */,
			);
			runOnlyForDeploymentPostprocessing = 0;
		};
		E7EA77881C9D794A008BEFDD /* Sources */ = {
			isa = PBXSourcesBuildPhase;
			buildActionMask = 2147483647;
			files = (
				E7EA77911C9D794A008BEFDD /* UISegmentControlUITests.m in Sources */,
			);
			runOnlyForDeploymentPostprocessing = 0;
		};
/* End PBXSourcesBuildPhase section */

/* Begin PBXTargetDependency section */
		E7EA77831C9D794A008BEFDD /* PBXTargetDependency */ = {
			isa = PBXTargetDependency;
			target = E7EA77671C9D794A008BEFDD /* UISegmentControl */;
			targetProxy = E7EA77821C9D794A008BEFDD /* PBXContainerItemProxy */;
		};
		E7EA778E1C9D794A008BEFDD /* PBXTargetDependency */ = {
			isa = PBXTargetDependency;
			target = E7EA77671C9D794A008BEFDD /* UISegmentControl */;
			targetProxy = E7EA778D1C9D794A008BEFDD /* PBXContainerItemProxy */;
		};
/* End PBXTargetDependency section */

/* Begin PBXVariantGroup section */
		E7EA77741C9D794A008BEFDD /* Main.storyboard */ = {
			isa = PBXVariantGroup;
			children = (
				E7EA77751C9D794A008BEFDD /* Base */,
			);
			name = Main.storyboard;
			sourceTree = "<group>";
		};
		E7EA77791C9D794A008BEFDD /* LaunchScreen.storyboard */ = {
			isa = PBXVariantGroup;
			children = (
				E7EA777A1C9D794A008BEFDD /* Base */,
			);
			name = LaunchScreen.storyboard;
			sourceTree = "<group>";
		};
/* End PBXVariantGroup section */

/* Begin XCBuildConfiguration section */
		E7EA77931C9D794A008BEFDD /* Debug */ = {
			isa = XCBuildConfiguration;
			buildSettings = {
				ALWAYS_SEARCH_USER_PATHS = NO;
				CLANG_CXX_LANGUAGE_STANDARD = "gnu++0x";
				CLANG_CXX_LIBRARY = "libc++";
				CLANG_ENABLE_MODULES = YES;
				CLANG_ENABLE_OBJC_ARC = YES;
				CLANG_WARN_BOOL_CONVERSION = YES;
				CLANG_WARN_CONSTANT_CONVERSION = YES;
				CLANG_WARN_DIRECT_OBJC_ISA_USAGE = YES_ERROR;
				CLANG_WARN_EMPTY_BODY = YES;
				CLANG_WARN_ENUM_CONVERSION = YES;
				CLANG_WARN_INT_CONVERSION = YES;
				CLANG_WARN_OBJC_ROOT_CLASS = YES_ERROR;
				CLANG_WARN_UNREACHABLE_CODE = YES;
				CLANG_WARN__DUPLICATE_METHOD_MATCH = YES;
				"CODE_SIGN_IDENTITY[sdk=iphoneos*]" = "iPhone Developer";
				COPY_PHASE_STRIP = NO;
				DEBUG_INFORMATION_FORMAT = dwarf;
				ENABLE_STRICT_OBJC_MSGSEND = YES;
				ENABLE_TESTABILITY = YES;
				GCC_C_LANGUAGE_STANDARD = gnu99;
				GCC_DYNAMIC_NO_PIC = NO;
				GCC_NO_COMMON_BLOCKS = YES;
				GCC_OPTIMIZATION_LEVEL = 0;
				GCC_PREPROCESSOR_DEFINITIONS = (
					"DEBUG=1",
					"$(inherited)",
				);
				GCC_WARN_64_TO_32_BIT_CONVERSION = YES;
				GCC_WARN_ABOUT_RETURN_TYPE = YES_ERROR;
				GCC_WARN_UNDECLARED_SELECTOR = YES;
				GCC_WARN_UNINITIALIZED_AUTOS = YES_AGGRESSIVE;
				GCC_WARN_UNUSED_FUNCTION = YES;
				GCC_WARN_UNUSED_VARIABLE = YES;
				IPHONEOS_DEPLOYMENT_TARGET = 9.1;
				MTL_ENABLE_DEBUG_INFO = YES;
				ONLY_ACTIVE_ARCH = YES;
				SDKROOT = iphoneos;
			};
			name = Debug;
		};
		E7EA77941C9D794A008BEFDD /* Release */ = {
			isa = XCBuildConfiguration;
			buildSettings = {
				ALWAYS_SEARCH_USER_PATHS = NO;
				CLANG_CXX_LANGUAGE_STANDARD = "gnu++0x";
				CLANG_CXX_LIBRARY = "libc++";
				CLANG_ENABLE_MODULES = YES;
				CLANG_ENABLE_OBJC_ARC = YES;
				CLANG_WARN_BOOL_CONVERSION = YES;
				CLANG_WARN_CONSTANT_CONVERSION = YES;
				CLANG_WARN_DIRECT_OBJC_ISA_USAGE = YES_ERROR;
				CLANG_WARN_EMPTY_BODY = YES;
				CLANG_WARN_ENUM_CONVERSION = YES;
				CLANG_WARN_INT_CONVERSION = YES;
				CLANG_WARN_OBJC_ROOT_CLASS = YES_ERROR;
				CLANG_WARN_UNREACHABLE_CODE = YES;
				CLANG_WARN__DUPLICATE_METHOD_MATCH = YES;
				"CODE_SIGN_IDENTITY[sdk=iphoneos*]" = "iPhone Developer";
				COPY_PHASE_STRIP = NO;
				DEBUG_INFORMATION_FORMAT = "dwarf-with-dsym";
				ENABLE_NS_ASSERTIONS = NO;
				ENABLE_STRICT_OBJC_MSGSEND = YES;
				GCC_C_LANGUAGE_STANDARD = gnu99;
				GCC_NO_COMMON_BLOCKS = YES;
				GCC_WARN_64_TO_32_BIT_CONVERSION = YES;
				GCC_WARN_ABOUT_RETURN_TYPE = YES_ERROR;
				GCC_WARN_UNDECLARED_SELECTOR = YES;
				GCC_WARN_UNINITIALIZED_AUTOS = YES_AGGRESSIVE;
				GCC_WARN_UNUSED_FUNCTION = YES;
				GCC_WARN_UNUSED_VARIABLE = YES;
				IPHONEOS_DEPLOYMENT_TARGET = 9.1;
				MTL_ENABLE_DEBUG_INFO = NO;
				SDKROOT = iphoneos;
				VALIDATE_PRODUCT = YES;
			};
			name = Release;
		};
		E7EA77961C9D794A008BEFDD /* Debug */ = {
			isa = XCBuildConfiguration;
			buildSettings = {
				ASSETCATALOG_COMPILER_APPICON_NAME = AppIcon;
				INFOPLIST_FILE = UISegmentControl/Info.plist;
				LD_RUNPATH_SEARCH_PATHS = "$(inherited) @executable_path/Frameworks";
				PRODUCT_BUNDLE_IDENTIFIER = FK.UISegmentControl;
				PRODUCT_NAME = "$(TARGET_NAME)";
			};
			name = Debug;
		};
		E7EA77971C9D794A008BEFDD /* Release */ = {
			isa = XCBuildConfiguration;
			buildSettings = {
				ASSETCATALOG_COMPILER_APPICON_NAME = AppIcon;
				INFOPLIST_FILE = UISegmentControl/Info.plist;
				LD_RUNPATH_SEARCH_PATHS = "$(inherited) @executable_path/Frameworks";
				PRODUCT_BUNDLE_IDENTIFIER = FK.UISegmentControl;
				PRODUCT_NAME = "$(TARGET_NAME)";
			};
			name = Release;
		};
		E7EA77991C9D794A008BEFDD /* Debug */ = {
			isa = XCBuildConfiguration;
			buildSettings = {
				BUNDLE_LOADER = "$(TEST_HOST)";
				INFOPLIST_FILE = UISegmentControlTests/Info.plist;
				LD_RUNPATH_SEARCH_PATHS = "$(inherited) @executable_path/Frameworks @loader_path/Frameworks";
				PRODUCT_BUNDLE_IDENTIFIER = FK.UISegmentControlTests;
				PRODUCT_NAME = "$(TARGET_NAME)";
				TEST_HOST = "$(BUILT_PRODUCTS_DIR)/UISegmentControl.app/UISegmentControl";
			};
			name = Debug;
		};
		E7EA779A1C9D794A008BEFDD /* Release */ = {
			isa = XCBuildConfiguration;
			buildSettings = {
				BUNDLE_LOADER = "$(TEST_HOST)";
				INFOPLIST_FILE = UISegmentControlTests/Info.plist;
				LD_RUNPATH_SEARCH_PATHS = "$(inherited) @executable_path/Frameworks @loader_path/Frameworks";
				PRODUCT_BUNDLE_IDENTIFIER = FK.UISegmentControlTests;
				PRODUCT_NAME = "$(TARGET_NAME)";
				TEST_HOST = "$(BUILT_PRODUCTS_DIR)/UISegmentControl.app/UISegmentControl";
			};
			name = Release;
		};
		E7EA779C1C9D794A008BEFDD /* Debug */ = {
			isa = XCBuildConfiguration;
			buildSettings = {
				INFOPLIST_FILE = UISegmentControlUITests/Info.plist;
				LD_RUNPATH_SEARCH_PATHS = "$(inherited) @executable_path/Frameworks @loader_path/Frameworks";
				PRODUCT_BUNDLE_IDENTIFIER = FK.UISegmentControlUITests;
				PRODUCT_NAME = "$(TARGET_NAME)";
				TEST_TARGET_NAME = UISegmentControl;
				USES_XCTRUNNER = YES;
			};
			name = Debug;
		};
		E7EA779D1C9D794A008BEFDD /* Release */ = {
			isa = XCBuildConfiguration;
			buildSettings = {
				INFOPLIST_FILE = UISegmentControlUITests/Info.plist;
				LD_RUNPATH_SEARCH_PATHS = "$(inherited) @executable_path/Frameworks @loader_path/Frameworks";
				PRODUCT_BUNDLE_IDENTIFIER = FK.UISegmentControlUITests;
				PRODUCT_NAME = "$(TARGET_NAME)";
				TEST_TARGET_NAME = UISegmentControl;
				USES_XCTRUNNER = YES;
			};
			name = Release;
		};
/* End XCBuildConfiguration section */

/* Begin XCConfigurationList section */
		E7EA77631C9D794A008BEFDD /* Build configuration list for PBXProject "UISegmentControl" */ = {
			isa = XCConfigurationList;
			buildConfigurations = (
				E7EA77931C9D794A008BEFDD /* Debug */,
				E7EA77941C9D794A008BEFDD /* Release */,
			);
			defaultConfigurationIsVisible = 0;
			defaultConfigurationName = Release;
		};
		E7EA77951C9D794A008BEFDD /* Build configuration list for PBXNativeTarget "UISegmentControl" */ = {
			isa = XCConfigurationList;
			buildConfigurations = (
				E7EA77961C9D794A008BEFDD /* Debug */,
				E7EA77971C9D794A008BEFDD /* Release */,
			);
			defaultConfigurationIsVisible = 0;
		};
		E7EA77981C9D794A008BEFDD /* Build configuration list for PBXNativeTarget "UISegmentControlTests" */ = {
			isa = XCConfigurationList;
			buildConfigurations = (
				E7EA77991C9D794A008BEFDD /* Debug */,
				E7EA779A1C9D794A008BEFDD /* Release */,
			);
			defaultConfigurationIsVisible = 0;
		};
		E7EA779B1C9D794A008BEFDD /* Build configuration list for PBXNativeTarget "UISegmentControlUITests" */ = {
			isa = XCConfigurationList;
			buildConfigurations = (
				E7EA779C1C9D794A008BEFDD /* Debug */,
				E7EA779D1C9D794A008BEFDD /* Release */,
			);
			defaultConfigurationIsVisible = 0;
		};
/* End XCConfigurationList section */
	};
	rootObject = E7EA77601C9D794A008BEFDD /* Project object */;
}
