// !$*UTF8*$!
{
	archiveVersion = 1;
	classes = {
	};
	objectVersion = 46;
	objects = {

/* Begin PBXBuildFile section */
		E7E341AC1C952D0E00DA1F6C /* main.m in Sources */ = {isa = PBXBuildFile; fileRef = E7E341AB1C952D0E00DA1F6C /* main.m */; };
		E7E341AF1C952D0E00DA1F6C /* AppDelegate.m in Sources */ = {isa = PBXBuildFile; fileRef = E7E341AE1C952D0E00DA1F6C /* AppDelegate.m */; };
		E7E341B71C952D0E00DA1F6C /* Assets.xcassets in Resources */ = {isa = PBXBuildFile; fileRef = E7E341B61C952D0E00DA1F6C /* Assets.xcassets */; };
		E7E341C51C952D0F00DA1F6C /* NoViewControlTests.m in Sources */ = {isa = PBXBuildFile; fileRef = E7E341C41C952D0F00DA1F6C /* NoViewControlTests.m */; };
		E7E341D01C952D0F00DA1F6C /* NoViewControlUITests.m in Sources */ = {isa = PBXBuildFile; fileRef = E7E341CF1C952D0F00DA1F6C /* NoViewControlUITests.m */; };
/* End PBXBuildFile section */

/* Begin PBXContainerItemProxy section */
		E7E341C11C952D0F00DA1F6C /* PBXContainerItemProxy */ = {
			isa = PBXContainerItemProxy;
			containerPortal = E7E3419F1C952D0E00DA1F6C /* Project object */;
			proxyType = 1;
			remoteGlobalIDString = E7E341A61C952D0E00DA1F6C;
			remoteInfo = NoViewControl;
		};
		E7E341CC1C952D0F00DA1F6C /* PBXContainerItemProxy */ = {
			isa = PBXContainerItemProxy;
			containerPortal = E7E3419F1C952D0E00DA1F6C /* Project object */;
			proxyType = 1;
			remoteGlobalIDString = E7E341A61C952D0E00DA1F6C;
			remoteInfo = NoViewControl;
		};
/* End PBXContainerItemProxy section */

/* Begin PBXFileReference section */
		E7E341A71C952D0E00DA1F6C /* NoViewControl.app */ = {isa = PBXFileReference; explicitFileType = wrapper.application; includeInIndex = 0; path = NoViewControl.app; sourceTree = BUILT_PRODUCTS_DIR; };
		E7E341AB1C952D0E00DA1F6C /* main.m */ = {isa = PBXFileReference; lastKnownFileType = sourcecode.c.objc; path = main.m; sourceTree = "<group>"; };
		E7E341AD1C952D0E00DA1F6C /* AppDelegate.h */ = {isa = PBXFileReference; lastKnownFileType = sourcecode.c.h; path = AppDelegate.h; sourceTree = "<group>"; };
		E7E341AE1C952D0E00DA1F6C /* AppDelegate.m */ = {isa = PBXFileReference; lastKnownFileType = sourcecode.c.objc; path = AppDelegate.m; sourceTree = "<group>"; };
		E7E341B61C952D0E00DA1F6C /* Assets.xcassets */ = {isa = PBXFileReference; lastKnownFileType = folder.assetcatalog; path = Assets.xcassets; sourceTree = "<group>"; };
		E7E341BB1C952D0E00DA1F6C /* Info.plist */ = {isa = PBXFileReference; lastKnownFileType = text.plist.xml; path = Info.plist; sourceTree = "<group>"; };
		E7E341C01C952D0F00DA1F6C /* NoViewControlTests.xctest */ = {isa = PBXFileReference; explicitFileType = wrapper.cfbundle; includeInIndex = 0; path = NoViewControlTests.xctest; sourceTree = BUILT_PRODUCTS_DIR; };
		E7E341C41C952D0F00DA1F6C /* NoViewControlTests.m */ = {isa = PBXFileReference; lastKnownFileType = sourcecode.c.objc; path = NoViewControlTests.m; sourceTree = "<group>"; };
		E7E341C61C952D0F00DA1F6C /* Info.plist */ = {isa = PBXFileReference; lastKnownFileType = text.plist.xml; path = Info.plist; sourceTree = "<group>"; };
		E7E341CB1C952D0F00DA1F6C /* NoViewControlUITests.xctest */ = {isa = PBXFileReference; explicitFileType = wrapper.cfbundle; includeInIndex = 0; path = NoViewControlUITests.xctest; sourceTree = BUILT_PRODUCTS_DIR; };
		E7E341CF1C952D0F00DA1F6C /* NoViewControlUITests.m */ = {isa = PBXFileReference; lastKnownFileType = sourcecode.c.objc; path = NoViewControlUITests.m; sourceTree = "<group>"; };
		E7E341D11C952D0F00DA1F6C /* Info.plist */ = {isa = PBXFileReference; lastKnownFileType = text.plist.xml; path = Info.plist; sourceTree = "<group>"; };
/* End PBXFileReference section */

/* Begin PBXFrameworksBuildPhase section */
		E7E341A41C952D0E00DA1F6C /* Frameworks */ = {
			isa = PBXFrameworksBuildPhase;
			buildActionMask = 2147483647;
			files = (
			);
			runOnlyForDeploymentPostprocessing = 0;
		};
		E7E341BD1C952D0F00DA1F6C /* Frameworks */ = {
			isa = PBXFrameworksBuildPhase;
			buildActionMask = 2147483647;
			files = (
			);
			runOnlyForDeploymentPostprocessing = 0;
		};
		E7E341C81C952D0F00DA1F6C /* Frameworks */ = {
			isa = PBXFrameworksBuildPhase;
			buildActionMask = 2147483647;
			files = (
			);
			runOnlyForDeploymentPostprocessing = 0;
		};
/* End PBXFrameworksBuildPhase section */

/* Begin PBXGroup section */
		E7E3419E1C952D0E00DA1F6C = {
			isa = PBXGroup;
			children = (
				E7E341A91C952D0E00DA1F6C /* NoViewControl */,
				E7E341C31C952D0F00DA1F6C /* NoViewControlTests */,
				E7E341CE1C952D0F00DA1F6C /* NoViewControlUITests */,
				E7E341A81C952D0E00DA1F6C /* Products */,
			);
			sourceTree = "<group>";
		};
		E7E341A81C952D0E00DA1F6C /* Products */ = {
			isa = PBXGroup;
			children = (
				E7E341A71C952D0E00DA1F6C /* NoViewControl.app */,
				E7E341C01C952D0F00DA1F6C /* NoViewControlTests.xctest */,
				E7E341CB1C952D0F00DA1F6C /* NoViewControlUITests.xctest */,
			);
			name = Products;
			sourceTree = "<group>";
		};
		E7E341A91C952D0E00DA1F6C /* NoViewControl */ = {
			isa = PBXGroup;
			children = (
				E7E341AD1C952D0E00DA1F6C /* AppDelegate.h */,
				E7E341AE1C952D0E00DA1F6C /* AppDelegate.m */,
				E7E341B61C952D0E00DA1F6C /* Assets.xcassets */,
				E7E341BB1C952D0E00DA1F6C /* Info.plist */,
				E7E341AA1C952D0E00DA1F6C /* Supporting Files */,
			);
			path = NoViewControl;
			sourceTree = "<group>";
		};
		E7E341AA1C952D0E00DA1F6C /* Supporting Files */ = {
			isa = PBXGroup;
			children = (
				E7E341AB1C952D0E00DA1F6C /* main.m */,
			);
			name = "Supporting Files";
			sourceTree = "<group>";
		};
		E7E341C31C952D0F00DA1F6C /* NoViewControlTests */ = {
			isa = PBXGroup;
			children = (
				E7E341C41C952D0F00DA1F6C /* NoViewControlTests.m */,
				E7E341C61C952D0F00DA1F6C /* Info.plist */,
			);
			path = NoViewControlTests;
			sourceTree = "<group>";
		};
		E7E341CE1C952D0F00DA1F6C /* NoViewControlUITests */ = {
			isa = PBXGroup;
			children = (
				E7E341CF1C952D0F00DA1F6C /* NoViewControlUITests.m */,
				E7E341D11C952D0F00DA1F6C /* Info.plist */,
			);
			path = NoViewControlUITests;
			sourceTree = "<group>";
		};
/* End PBXGroup section */

/* Begin PBXNativeTarget section */
		E7E341A61C952D0E00DA1F6C /* NoViewControl */ = {
			isa = PBXNativeTarget;
			buildConfigurationList = E7E341D41C952D0F00DA1F6C /* Build configuration list for PBXNativeTarget "NoViewControl" */;
			buildPhases = (
				E7E341A31C952D0E00DA1F6C /* Sources */,
				E7E341A41C952D0E00DA1F6C /* Frameworks */,
				E7E341A51C952D0E00DA1F6C /* Resources */,
			);
			buildRules = (
			);
			dependencies = (
			);
			name = NoViewControl;
			productName = NoViewControl;
			productReference = E7E341A71C952D0E00DA1F6C /* NoViewControl.app */;
			productType = "com.apple.product-type.application";
		};
		E7E341BF1C952D0F00DA1F6C /* NoViewControlTests */ = {
			isa = PBXNativeTarget;
			buildConfigurationList = E7E341D71C952D0F00DA1F6C /* Build configuration list for PBXNativeTarget "NoViewControlTests" */;
			buildPhases = (
				E7E341BC1C952D0F00DA1F6C /* Sources */,
				E7E341BD1C952D0F00DA1F6C /* Frameworks */,
				E7E341BE1C952D0F00DA1F6C /* Resources */,
			);
			buildRules = (
			);
			dependencies = (
				E7E341C21C952D0F00DA1F6C /* PBXTargetDependency */,
			);
			name = NoViewControlTests;
			productName = NoViewControlTests;
			productReference = E7E341C01C952D0F00DA1F6C /* NoViewControlTests.xctest */;
			productType = "com.apple.product-type.bundle.unit-test";
		};
		E7E341CA1C952D0F00DA1F6C /* NoViewControlUITests */ = {
			isa = PBXNativeTarget;
			buildConfigurationList = E7E341DA1C952D0F00DA1F6C /* Build configuration list for PBXNativeTarget "NoViewControlUITests" */;
			buildPhases = (
				E7E341C71C952D0F00DA1F6C /* Sources */,
				E7E341C81C952D0F00DA1F6C /* Frameworks */,
				E7E341C91C952D0F00DA1F6C /* Resources */,
			);
			buildRules = (
			);
			dependencies = (
				E7E341CD1C952D0F00DA1F6C /* PBXTargetDependency */,
			);
			name = NoViewControlUITests;
			productName = NoViewControlUITests;
			productReference = E7E341CB1C952D0F00DA1F6C /* NoViewControlUITests.xctest */;
			productType = "com.apple.product-type.bundle.ui-testing";
		};
/* End PBXNativeTarget section */

/* Begin PBXProject section */
		E7E3419F1C952D0E00DA1F6C /* Project object */ = {
			isa = PBXProject;
			attributes = {
				LastUpgradeCheck = 0710;
				ORGANIZATIONNAME = xgm;
				TargetAttributes = {
					E7E341A61C952D0E00DA1F6C = {
						CreatedOnToolsVersion = 7.1;
					};
					E7E341BF1C952D0F00DA1F6C = {
						CreatedOnToolsVersion = 7.1;
						TestTargetID = E7E341A61C952D0E00DA1F6C;
					};
					E7E341CA1C952D0F00DA1F6C = {
						CreatedOnToolsVersion = 7.1;
						TestTargetID = E7E341A61C952D0E00DA1F6C;
					};
				};
			};
			buildConfigurationList = E7E341A21C952D0E00DA1F6C /* Build configuration list for PBXProject "NoViewControl" */;
			compatibilityVersion = "Xcode 3.2";
			developmentRegion = English;
			hasScannedForEncodings = 0;
			knownRegions = (
				en,
				Base,
			);
			mainGroup = E7E3419E1C952D0E00DA1F6C;
			productRefGroup = E7E341A81C952D0E00DA1F6C /* Products */;
			projectDirPath = "";
			projectRoot = "";
			targets = (
				E7E341A61C952D0E00DA1F6C /* NoViewControl */,
				E7E341BF1C952D0F00DA1F6C /* NoViewControlTests */,
				E7E341CA1C952D0F00DA1F6C /* NoViewControlUITests */,
			);
		};
/* End PBXProject section */

/* Begin PBXResourcesBuildPhase section */
		E7E341A51C952D0E00DA1F6C /* Resources */ = {
			isa = PBXResourcesBuildPhase;
			buildActionMask = 2147483647;
			files = (
				E7E341B71C952D0E00DA1F6C /* Assets.xcassets in Resources */,
			);
			runOnlyForDeploymentPostprocessing = 0;
		};
		E7E341BE1C952D0F00DA1F6C /* Resources */ = {
			isa = PBXResourcesBuildPhase;
			buildActionMask = 2147483647;
			files = (
			);
			runOnlyForDeploymentPostprocessing = 0;
		};
		E7E341C91C952D0F00DA1F6C /* Resources */ = {
			isa = PBXResourcesBuildPhase;
			buildActionMask = 2147483647;
			files = (
			);
			runOnlyForDeploymentPostprocessing = 0;
		};
/* End PBXResourcesBuildPhase section */

/* Begin PBXSourcesBuildPhase section */
		E7E341A31C952D0E00DA1F6C /* Sources */ = {
			isa = PBXSourcesBuildPhase;
			buildActionMask = 2147483647;
			files = (
				E7E341AF1C952D0E00DA1F6C /* AppDelegate.m in Sources */,
				E7E341AC1C952D0E00DA1F6C /* main.m in Sources */,
			);
			runOnlyForDeploymentPostprocessing = 0;
		};
		E7E341BC1C952D0F00DA1F6C /* Sources */ = {
			isa = PBXSourcesBuildPhase;
			buildActionMask = 2147483647;
			files = (
				E7E341C51C952D0F00DA1F6C /* NoViewControlTests.m in Sources */,
			);
			runOnlyForDeploymentPostprocessing = 0;
		};
		E7E341C71C952D0F00DA1F6C /* Sources */ = {
			isa = PBXSourcesBuildPhase;
			buildActionMask = 2147483647;
			files = (
				E7E341D01C952D0F00DA1F6C /* NoViewControlUITests.m in Sources */,
			);
			runOnlyForDeploymentPostprocessing = 0;
		};
/* End PBXSourcesBuildPhase section */

/* Begin PBXTargetDependency section */
		E7E341C21C952D0F00DA1F6C /* PBXTargetDependency */ = {
			isa = PBXTargetDependency;
			target = E7E341A61C952D0E00DA1F6C /* NoViewControl */;
			targetProxy = E7E341C11C952D0F00DA1F6C /* PBXContainerItemProxy */;
		};
		E7E341CD1C952D0F00DA1F6C /* PBXTargetDependency */ = {
			isa = PBXTargetDependency;
			target = E7E341A61C952D0E00DA1F6C /* NoViewControl */;
			targetProxy = E7E341CC1C952D0F00DA1F6C /* PBXContainerItemProxy */;
		};
/* End PBXTargetDependency section */

/* Begin XCBuildConfiguration section */
		E7E341D21C952D0F00DA1F6C /* Debug */ = {
			isa = XCBuildConfiguration;
			buildSettings = {
				ALWAYS_SEARCH_USER_PATHS = NO;
				CLANG_CXX_LANGUAGE_STANDARD = "gnu++0x";
				CLANG_CXX_LIBRARY = "libc++";
				CLANG_ENABLE_MODULES = YES;
				CLANG_ENABLE_OBJC_ARC = YES;
				CLANG_WARN_BOOL_CONVERSION = YES;
				CLANG_WARN_CONSTANT_CONVERSION = YES;
				CLANG_WARN_DIRECT_OBJC_ISA_USAGE = YES_ERROR;
				CLANG_WARN_EMPTY_BODY = YES;
				CLANG_WARN_ENUM_CONVERSION = YES;
				CLANG_WARN_INT_CONVERSION = YES;
				CLANG_WARN_OBJC_ROOT_CLASS = YES_ERROR;
				CLANG_WARN_UNREACHABLE_CODE = YES;
				CLANG_WARN__DUPLICATE_METHOD_MATCH = YES;
				"CODE_SIGN_IDENTITY[sdk=iphoneos*]" = "iPhone Developer";
				COPY_PHASE_STRIP = NO;
				DEBUG_INFORMATION_FORMAT = dwarf;
				ENABLE_STRICT_OBJC_MSGSEND = YES;
				ENABLE_TESTABILITY = YES;
				GCC_C_LANGUAGE_STANDARD = gnu99;
				GCC_DYNAMIC_NO_PIC = NO;
				GCC_NO_COMMON_BLOCKS = YES;
				GCC_OPTIMIZATION_LEVEL = 0;
				GCC_PREPROCESSOR_DEFINITIONS = (
					"DEBUG=1",
					"$(inherited)",
				);
				GCC_WARN_64_TO_32_BIT_CONVERSION = YES;
				GCC_WARN_ABOUT_RETURN_TYPE = YES_ERROR;
				GCC_WARN_UNDECLARED_SELECTOR = YES;
				GCC_WARN_UNINITIALIZED_AUTOS = YES_AGGRESSIVE;
				GCC_WARN_UNUSED_FUNCTION = YES;
				GCC_WARN_UNUSED_VARIABLE = YES;
				IPHONEOS_DEPLOYMENT_TARGET = 9.1;
				MTL_ENABLE_DEBUG_INFO = YES;
				ONLY_ACTIVE_ARCH = YES;
				SDKROOT = iphoneos;
			};
			name = Debug;
		};
		E7E341D31C952D0F00DA1F6C /* Release */ = {
			isa = XCBuildConfiguration;
			buildSettings = {
				ALWAYS_SEARCH_USER_PATHS = NO;
				CLANG_CXX_LANGUAGE_STANDARD = "gnu++0x";
				CLANG_CXX_LIBRARY = "libc++";
				CLANG_ENABLE_MODULES = YES;
				CLANG_ENABLE_OBJC_ARC = YES;
				CLANG_WARN_BOOL_CONVERSION = YES;
				CLANG_WARN_CONSTANT_CONVERSION = YES;
				CLANG_WARN_DIRECT_OBJC_ISA_USAGE = YES_ERROR;
				CLANG_WARN_EMPTY_BODY = YES;
				CLANG_WARN_ENUM_CONVERSION = YES;
				CLANG_WARN_INT_CONVERSION = YES;
				CLANG_WARN_OBJC_ROOT_CLASS = YES_ERROR;
				CLANG_WARN_UNREACHABLE_CODE = YES;
				CLANG_WARN__DUPLICATE_METHOD_MATCH = YES;
				"CODE_SIGN_IDENTITY[sdk=iphoneos*]" = "iPhone Developer";
				COPY_PHASE_STRIP = NO;
				DEBUG_INFORMATION_FORMAT = "dwarf-with-dsym";
				ENABLE_NS_ASSERTIONS = NO;
				ENABLE_STRICT_OBJC_MSGSEND = YES;
				GCC_C_LANGUAGE_STANDARD = gnu99;
				GCC_NO_COMMON_BLOCKS = YES;
				GCC_WARN_64_TO_32_BIT_CONVERSION = YES;
				GCC_WARN_ABOUT_RETURN_TYPE = YES_ERROR;
				GCC_WARN_UNDECLARED_SELECTOR = YES;
				GCC_WARN_UNINITIALIZED_AUTOS = YES_AGGRESSIVE;
				GCC_WARN_UNUSED_FUNCTION = YES;
				GCC_WARN_UNUSED_VARIABLE = YES;
				IPHONEOS_DEPLOYMENT_TARGET = 9.1;
				MTL_ENABLE_DEBUG_INFO = NO;
				SDKROOT = iphoneos;
				VALIDATE_PRODUCT = YES;
			};
			name = Release;
		};
		E7E341D51C952D0F00DA1F6C /* Debug */ = {
			isa = XCBuildConfiguration;
			buildSettings = {
				ASSETCATALOG_COMPILER_APPICON_NAME = AppIcon;
				INFOPLIST_FILE = NoViewControl/Info.plist;
				LD_RUNPATH_SEARCH_PATHS = "$(inherited) @executable_path/Frameworks";
				PRODUCT_BUNDLE_IDENTIFIER = FK.NoViewControl;
				PRODUCT_NAME = "$(TARGET_NAME)";
			};
			name = Debug;
		};
		E7E341D61C952D0F00DA1F6C /* Release */ = {
			isa = XCBuildConfiguration;
			buildSettings = {
				ASSETCATALOG_COMPILER_APPICON_NAME = AppIcon;
				INFOPLIST_FILE = NoViewControl/Info.plist;
				LD_RUNPATH_SEARCH_PATHS = "$(inherited) @executable_path/Frameworks";
				PRODUCT_BUNDLE_IDENTIFIER = FK.NoViewControl;
				PRODUCT_NAME = "$(TARGET_NAME)";
			};
			name = Release;
		};
		E7E341D81C952D0F00DA1F6C /* Debug */ = {
			isa = XCBuildConfiguration;
			buildSettings = {
				BUNDLE_LOADER = "$(TEST_HOST)";
				INFOPLIST_FILE = NoViewControlTests/Info.plist;
				LD_RUNPATH_SEARCH_PATHS = "$(inherited) @executable_path/Frameworks @loader_path/Frameworks";
				PRODUCT_BUNDLE_IDENTIFIER = FK.NoViewControlTests;
				PRODUCT_NAME = "$(TARGET_NAME)";
				TEST_HOST = "$(BUILT_PRODUCTS_DIR)/NoViewControl.app/NoViewControl";
			};
			name = Debug;
		};
		E7E341D91C952D0F00DA1F6C /* Release */ = {
			isa = XCBuildConfiguration;
			buildSettings = {
				BUNDLE_LOADER = "$(TEST_HOST)";
				INFOPLIST_FILE = NoViewControlTests/Info.plist;
				LD_RUNPATH_SEARCH_PATHS = "$(inherited) @executable_path/Frameworks @loader_path/Frameworks";
				PRODUCT_BUNDLE_IDENTIFIER = FK.NoViewControlTests;
				PRODUCT_NAME = "$(TARGET_NAME)";
				TEST_HOST = "$(BUILT_PRODUCTS_DIR)/NoViewControl.app/NoViewControl";
			};
			name = Release;
		};
		E7E341DB1C952D0F00DA1F6C /* Debug */ = {
			isa = XCBuildConfiguration;
			buildSettings = {
				INFOPLIST_FILE = NoViewControlUITests/Info.plist;
				LD_RUNPATH_SEARCH_PATHS = "$(inherited) @executable_path/Frameworks @loader_path/Frameworks";
				PRODUCT_BUNDLE_IDENTIFIER = FK.NoViewControlUITests;
				PRODUCT_NAME = "$(TARGET_NAME)";
				TEST_TARGET_NAME = NoViewControl;
				USES_XCTRUNNER = YES;
			};
			name = Debug;
		};
		E7E341DC1C952D0F00DA1F6C /* Release */ = {
			isa = XCBuildConfiguration;
			buildSettings = {
				INFOPLIST_FILE = NoViewControlUITests/Info.plist;
				LD_RUNPATH_SEARCH_PATHS = "$(inherited) @executable_path/Frameworks @loader_path/Frameworks";
				PRODUCT_BUNDLE_IDENTIFIER = FK.NoViewControlUITests;
				PRODUCT_NAME = "$(TARGET_NAME)";
				TEST_TARGET_NAME = NoViewControl;
				USES_XCTRUNNER = YES;
			};
			name = Release;
		};
/* End XCBuildConfiguration section */

/* Begin XCConfigurationList section */
		E7E341A21C952D0E00DA1F6C /* Build configuration list for PBXProject "NoViewControl" */ = {
			isa = XCConfigurationList;
			buildConfigurations = (
				E7E341D21C952D0F00DA1F6C /* Debug */,
				E7E341D31C952D0F00DA1F6C /* Release */,
			);
			defaultConfigurationIsVisible = 0;
			defaultConfigurationName = Release;
		};
		E7E341D41C952D0F00DA1F6C /* Build configuration list for PBXNativeTarget "NoViewControl" */ = {
			isa = XCConfigurationList;
			buildConfigurations = (
				E7E341D51C952D0F00DA1F6C /* Debug */,
				E7E341D61C952D0F00DA1F6C /* Release */,
			);
			defaultConfigurationIsVisible = 0;
			defaultConfigurationName = Release;
		};
		E7E341D71C952D0F00DA1F6C /* Build configuration list for PBXNativeTarget "NoViewControlTests" */ = {
			isa = XCConfigurationList;
			buildConfigurations = (
				E7E341D81C952D0F00DA1F6C /* Debug */,
				E7E341D91C952D0F00DA1F6C /* Release */,
			);
			defaultConfigurationIsVisible = 0;
			defaultConfigurationName = Release;
		};
		E7E341DA1C952D0F00DA1F6C /* Build configuration list for PBXNativeTarget "NoViewControlUITests" */ = {
			isa = XCConfigurationList;
			buildConfigurations = (
				E7E341DB1C952D0F00DA1F6C /* Debug */,
				E7E341DC1C952D0F00DA1F6C /* Release */,
			);
			defaultConfigurationIsVisible = 0;
			defaultConfigurationName = Release;
		};
/* End XCConfigurationList section */
	};
	rootObject = E7E3419F1C952D0E00DA1F6C /* Project object */;
}
